// !$*UTF8*$!
{
	archiveVersion = 1;
	classes = {
	};
	objectVersion = 46;
	objects = {

/* Begin PBXBuildFile section */
		922F00801F2EDC200007D8D2 /* main.m in Sources */ = {isa = PBXBuildFile; fileRef = 922F007F1F2EDC200007D8D2 /* main.m */; };
		922F00861F2EDC200007D8D2 /* ViewController.m in Sources */ = {isa = PBXBuildFile; fileRef = 922F00851F2EDC200007D8D2 /* ViewController.m */; };
		922F00891F2EDC200007D8D2 /* Main.storyboard in Resources */ = {isa = PBXBuildFile; fileRef = 922F00871F2EDC200007D8D2 /* Main.storyboard */; };
		922F008B1F2EDC200007D8D2 /* Assets.xcassets in Resources */ = {isa = PBXBuildFile; fileRef = 922F008A1F2EDC200007D8D2 /* Assets.xcassets */; };
		922F008E1F2EDC200007D8D2 /* LaunchScreen.storyboard in Resources */ = {isa = PBXBuildFile; fileRef = 922F008C1F2EDC200007D8D2 /* LaunchScreen.storyboard */; };
		922F00991F2EDC210007D8D2 /* ChinaMerchantsTests.m in Sources */ = {isa = PBXBuildFile; fileRef = 922F00981F2EDC210007D8D2 /* ChinaMerchantsTests.m */; };
		922F00A41F2EDC210007D8D2 /* ChinaMerchantsUITests.m in Sources */ = {isa = PBXBuildFile; fileRef = 922F00A31F2EDC210007D8D2 /* ChinaMerchantsUITests.m */; };
		922F01161F2EDDA60007D8D2 /* BaseViewController.m in Sources */ = {isa = PBXBuildFile; fileRef = 922F01151F2EDDA60007D8D2 /* BaseViewController.m */; };
		922F01191F2EDDDC0007D8D2 /* BaseTabBarController.m in Sources */ = {isa = PBXBuildFile; fileRef = 922F01181F2EDDDC0007D8D2 /* BaseTabBarController.m */; };
		922F011C1F2EE0230007D8D2 /* BaseNavigationController.m in Sources */ = {isa = PBXBuildFile; fileRef = 922F011B1F2EE0230007D8D2 /* BaseNavigationController.m */; };
		922F03261F2F16AB0007D8D2 /* ClubController.m in Sources */ = {isa = PBXBuildFile; fileRef = 922F03231F2F16AB0007D8D2 /* ClubController.m */; };
		922F03271F2F16AB0007D8D2 /* ClubViewModel.m in Sources */ = {isa = PBXBuildFile; fileRef = 922F03251F2F16AB0007D8D2 /* ClubViewModel.m */; };
		922F032C1F2F16BC0007D8D2 /* WorkController.m in Sources */ = {isa = PBXBuildFile; fileRef = 922F03291F2F16BC0007D8D2 /* WorkController.m */; };
		922F032D1F2F16BC0007D8D2 /* WorkViewModel.m in Sources */ = {isa = PBXBuildFile; fileRef = 922F032B1F2F16BC0007D8D2 /* WorkViewModel.m */; };
		922F03321F2F16CC0007D8D2 /* MineController.m in Sources */ = {isa = PBXBuildFile; fileRef = 922F032F1F2F16CC0007D8D2 /* MineController.m */; };
		922F03331F2F16CC0007D8D2 /* MineViewModel.m in Sources */ = {isa = PBXBuildFile; fileRef = 922F03311F2F16CC0007D8D2 /* MineViewModel.m */; };
		922F03381F2F16D90007D8D2 /* StudyController.m in Sources */ = {isa = PBXBuildFile; fileRef = 922F03351F2F16D90007D8D2 /* StudyController.m */; };
		922F03391F2F16D90007D8D2 /* StudyViewModel.m in Sources */ = {isa = PBXBuildFile; fileRef = 922F03371F2F16D90007D8D2 /* StudyViewModel.m */; };
		922F033E1F2F16EC0007D8D2 /* DynamicController.m in Sources */ = {isa = PBXBuildFile; fileRef = 922F033B1F2F16EC0007D8D2 /* DynamicController.m */; };
		922F033F1F2F16EC0007D8D2 /* DynamicViewModel.m in Sources */ = {isa = PBXBuildFile; fileRef = 922F033D1F2F16EC0007D8D2 /* DynamicViewModel.m */; };
		922F03491F2F17710007D8D2 /* AppDelegate.m in Sources */ = {isa = PBXBuildFile; fileRef = 922F03481F2F17710007D8D2 /* AppDelegate.m */; };
		922F034C1F2F18450007D8D2 /* AppDelegate+MainUI.m in Sources */ = {isa = PBXBuildFile; fileRef = 922F034B1F2F18450007D8D2 /* AppDelegate+MainUI.m */; };
		922F034F1F2F19010007D8D2 /* RootController.m in Sources */ = {isa = PBXBuildFile; fileRef = 922F034E1F2F19010007D8D2 /* RootController.m */; };
		92C9A7951F307B3F007938C1 /* ClubAddressTableCell.m in Sources */ = {isa = PBXBuildFile; fileRef = 92C9A7931F307B3F007938C1 /* ClubAddressTableCell.m */; };
		92C9A7961F307B3F007938C1 /* ClubAddressTableCell.xib in Resources */ = {isa = PBXBuildFile; fileRef = 92C9A7941F307B3F007938C1 /* ClubAddressTableCell.xib */; };
		92C9A79A1F307EBE007938C1 /* ClubCoachTableCell.m in Sources */ = {isa = PBXBuildFile; fileRef = 92C9A7981F307EBE007938C1 /* ClubCoachTableCell.m */; };
		92C9A79B1F307EBE007938C1 /* ClubCoachTableCell.xib in Resources */ = {isa = PBXBuildFile; fileRef = 92C9A7991F307EBE007938C1 /* ClubCoachTableCell.xib */; };
		92C9A79E1F308211007938C1 /* RankingImageViewTableViewCell.m in Sources */ = {isa = PBXBuildFile; fileRef = 92C9A79D1F308211007938C1 /* RankingImageViewTableViewCell.m */; };
		92C9A7A51F308274007938C1 /* RankingCollectionView.m in Sources */ = {isa = PBXBuildFile; fileRef = 92C9A7A11F308274007938C1 /* RankingCollectionView.m */; };
		92C9A7A61F308274007938C1 /* RankingCollectionViewCell.m in Sources */ = {isa = PBXBuildFile; fileRef = 92C9A7A31F308274007938C1 /* RankingCollectionViewCell.m */; };
		92C9A7A71F308274007938C1 /* RankingCollectionViewCell.xib in Resources */ = {isa = PBXBuildFile; fileRef = 92C9A7A41F308274007938C1 /* RankingCollectionViewCell.xib */; };
		92C9A7AB1F3084BB007938C1 /* ClubSectionTableCell.m in Sources */ = {isa = PBXBuildFile; fileRef = 92C9A7A91F3084BB007938C1 /* ClubSectionTableCell.m */; };
		92C9A7AC1F3084BB007938C1 /* ClubSectionTableCell.xib in Resources */ = {isa = PBXBuildFile; fileRef = 92C9A7AA1F3084BB007938C1 /* ClubSectionTableCell.xib */; };
		92C9A7B01F308597007938C1 /* ClubClassImageTableCell.m in Sources */ = {isa = PBXBuildFile; fileRef = 92C9A7AE1F308597007938C1 /* ClubClassImageTableCell.m */; };
		92C9A7B11F308597007938C1 /* ClubClassImageTableCell.xib in Resources */ = {isa = PBXBuildFile; fileRef = 92C9A7AF1F308597007938C1 /* ClubClassImageTableCell.xib */; };
		92C9A7B51F308758007938C1 /* ClubVideoTableCell.m in Sources */ = {isa = PBXBuildFile; fileRef = 92C9A7B31F308758007938C1 /* ClubVideoTableCell.m */; };
		92C9A7B61F308758007938C1 /* ClubVideoTableCell.xib in Resources */ = {isa = PBXBuildFile; fileRef = 92C9A7B41F308758007938C1 /* ClubVideoTableCell.xib */; };
		92C9A7BA1F308A9F007938C1 /* UIImageView+Load.m in Sources */ = {isa = PBXBuildFile; fileRef = 92C9A7B91F308A9F007938C1 /* UIImageView+Load.m */; };
		92C9A7BE1F3169E2007938C1 /* QMCalendarFunction.m in Sources */ = {isa = PBXBuildFile; fileRef = 92C9A7BD1F3169E2007938C1 /* QMCalendarFunction.m */; };
		92C9A7C11F3171CF007938C1 /* QMCalendarView.m in Sources */ = {isa = PBXBuildFile; fileRef = 92C9A7C01F3171CF007938C1 /* QMCalendarView.m */; };
		92C9A7C41F317357007938C1 /* QMCalendarDayCell.m in Sources */ = {isa = PBXBuildFile; fileRef = 92C9A7C31F317357007938C1 /* QMCalendarDayCell.m */; };
		92C9A7C71F31A686007938C1 /* XXAPI.m in Sources */ = {isa = PBXBuildFile; fileRef = 92C9A7C61F31A686007938C1 /* XXAPI.m */; };
		92C9A7CA1F31A727007938C1 /* Utils.m in Sources */ = {isa = PBXBuildFile; fileRef = 92C9A7C91F31A727007938C1 /* Utils.m */; };
		92C9A7CD1F31C72D007938C1 /* QMClassCalendarView.m in Sources */ = {isa = PBXBuildFile; fileRef = 92C9A7CC1F31C72D007938C1 /* QMClassCalendarView.m */; };
		92C9A7D21F31D0B3007938C1 /* StudySignRecordController.m in Sources */ = {isa = PBXBuildFile; fileRef = 92C9A7CF1F31D0B3007938C1 /* StudySignRecordController.m */; };
		92C9A7D31F31D0B3007938C1 /* StudySignRecordViewModel.m in Sources */ = {isa = PBXBuildFile; fileRef = 92C9A7D11F31D0B3007938C1 /* StudySignRecordViewModel.m */; };
		92C9A7D81F31D1DE007938C1 /* StudyClassSummaryController.m in Sources */ = {isa = PBXBuildFile; fileRef = 92C9A7D51F31D1DE007938C1 /* StudyClassSummaryController.m */; };
		92C9A7D91F31D1DE007938C1 /* StudyClassSummaryViewModel.m in Sources */ = {isa = PBXBuildFile; fileRef = 92C9A7D71F31D1DE007938C1 /* StudyClassSummaryViewModel.m */; };
		92C9A7DD1F31D2DB007938C1 /* ClubNewClassTableCell.m in Sources */ = {isa = PBXBuildFile; fileRef = 92C9A7DB1F31D2DB007938C1 /* ClubNewClassTableCell.m */; };
		92C9A7DE1F31D2DB007938C1 /* ClubNewClassTableCell.xib in Resources */ = {isa = PBXBuildFile; fileRef = 92C9A7DC1F31D2DB007938C1 /* ClubNewClassTableCell.xib */; };
		92C9A7E71F31D9D7007938C1 /* AppDelegate+JPush.m in Sources */ = {isa = PBXBuildFile; fileRef = 92C9A7E01F31D9D7007938C1 /* AppDelegate+JPush.m */; };
		92C9A7E81F31D9D7007938C1 /* AppDelegate+Keyboard.m in Sources */ = {isa = PBXBuildFile; fileRef = 92C9A7E21F31D9D7007938C1 /* AppDelegate+Keyboard.m */; };
		92C9A7E91F31D9D7007938C1 /* AppDelegate+Notification.m in Sources */ = {isa = PBXBuildFile; fileRef = 92C9A7E41F31D9D7007938C1 /* AppDelegate+Notification.m */; };
		92C9A7EA1F31D9D7007938C1 /* AppDelegate+UMeng.m in Sources */ = {isa = PBXBuildFile; fileRef = 92C9A7E61F31D9D7007938C1 /* AppDelegate+UMeng.m */; };
		92FD43561F300EBF005182CB /* EMChatManager.m in Sources */ = {isa = PBXBuildFile; fileRef = 92FD434C1F300EBF005182CB /* EMChatManager.m */; };
		92FD435D1F301272005182CB /* StorageManager.m in Sources */ = {isa = PBXBuildFile; fileRef = 92FD435A1F301272005182CB /* StorageManager.m */; };
		92FD435E1F301272005182CB /* UserManager.m in Sources */ = {isa = PBXBuildFile; fileRef = 92FD435C1F301272005182CB /* UserManager.m */; };
		92FD43611F3012C3005182CB /* BaseModel.m in Sources */ = {isa = PBXBuildFile; fileRef = 92FD43601F3012C3005182CB /* BaseModel.m */; };
		92FD43721F30140F005182CB /* UserInfoModel.m in Sources */ = {isa = PBXBuildFile; fileRef = 92FD43711F30140F005182CB /* UserInfoModel.m */; };
		92FD43771F3014EB005182CB /* QMStorageManage.m in Sources */ = {isa = PBXBuildFile; fileRef = 92FD43761F3014EB005182CB /* QMStorageManage.m */; };
		92FD437B1F30153D005182CB /* InfoPlist.m in Sources */ = {isa = PBXBuildFile; fileRef = 92FD437A1F30153D005182CB /* InfoPlist.m */; };
		92FD43801F301721005182CB /* NSError+Reason.m in Sources */ = {isa = PBXBuildFile; fileRef = 92FD437F1F301721005182CB /* NSError+Reason.m */; };
		92FD438B1F301C95005182CB /* LoginController.m in Sources */ = {isa = PBXBuildFile; fileRef = 92FD43861F301C95005182CB /* LoginController.m */; };
		92FD438C1F301C95005182CB /* LoginViewModel.m in Sources */ = {isa = PBXBuildFile; fileRef = 92FD43881F301C95005182CB /* LoginViewModel.m */; };
		92FD43911F301CB0005182CB /* RegisterController.m in Sources */ = {isa = PBXBuildFile; fileRef = 92FD438E1F301CB0005182CB /* RegisterController.m */; };
		92FD43921F301CB0005182CB /* RegisterViewModel.m in Sources */ = {isa = PBXBuildFile; fileRef = 92FD43901F301CB0005182CB /* RegisterViewModel.m */; };
		92FD43971F301CC1005182CB /* AuthCodeController.m in Sources */ = {isa = PBXBuildFile; fileRef = 92FD43941F301CC1005182CB /* AuthCodeController.m */; };
		92FD43981F301CC1005182CB /* AuthCodeViewModel.m in Sources */ = {isa = PBXBuildFile; fileRef = 92FD43961F301CC1005182CB /* AuthCodeViewModel.m */; };
		92FD439B1F301F84005182CB /* CHImages.xcassets in Resources */ = {isa = PBXBuildFile; fileRef = 92FD439A1F301F84005182CB /* CHImages.xcassets */; };
		92FD43AD1F30252A005182CB /* NSMutableAttributedString+AttributedString.m in Sources */ = {isa = PBXBuildFile; fileRef = 92FD439E1F30252A005182CB /* NSMutableAttributedString+AttributedString.m */; };
		92FD43AE1F30252A005182CB /* MBProgressHUD+Loading.m in Sources */ = {isa = PBXBuildFile; fileRef = 92FD43A11F30252A005182CB /* MBProgressHUD+Loading.m */; };
		92FD43AF1F30252A005182CB /* NSString+Others.m in Sources */ = {isa = PBXBuildFile; fileRef = 92FD43A41F30252A005182CB /* NSString+Others.m */; };
		92FD43B01F30252A005182CB /* NSString+Size.m in Sources */ = {isa = PBXBuildFile; fileRef = 92FD43A61F30252A005182CB /* NSString+Size.m */; };
		92FD43B11F30252A005182CB /* UIColor+HUE.m in Sources */ = {isa = PBXBuildFile; fileRef = 92FD43A91F30252A005182CB /* UIColor+HUE.m */; };
		92FD43B21F30252A005182CB /* UIResponder+Empty.m in Sources */ = {isa = PBXBuildFile; fileRef = 92FD43AC1F30252A005182CB /* UIResponder+Empty.m */; };
		92FD43B81F30605C005182CB /* UINavigationBar+Awesome.m in Sources */ = {isa = PBXBuildFile; fileRef = 92FD43B51F30605C005182CB /* UINavigationBar+Awesome.m */; };
		92FD43B91F30605C005182CB /* UINavigationBar+Custom.m in Sources */ = {isa = PBXBuildFile; fileRef = 92FD43B71F30605C005182CB /* UINavigationBar+Custom.m */; };
		92FD43BD1F306B25005182CB /* HomeBannerTableViewCell.m in Sources */ = {isa = PBXBuildFile; fileRef = 92FD43BB1F306B25005182CB /* HomeBannerTableViewCell.m */; };
		92FD43BE1F306B25005182CB /* HomeBannerTableViewCell.xib in Resources */ = {isa = PBXBuildFile; fileRef = 92FD43BC1F306B25005182CB /* HomeBannerTableViewCell.xib */; };
		92FD43C51F306B85005182CB /* UITableViewCell+DataSource.m in Sources */ = {isa = PBXBuildFile; fileRef = 92FD43C21F306B85005182CB /* UITableViewCell+DataSource.m */; };
		92FD43C61F306B85005182CB /* XXCellModel.m in Sources */ = {isa = PBXBuildFile; fileRef = 92FD43C41F306B85005182CB /* XXCellModel.m */; };
		92FD43C91F306BE1005182CB /* WYWLineTableViewCell.m in Sources */ = {isa = PBXBuildFile; fileRef = 92FD43C81F306BE1005182CB /* WYWLineTableViewCell.m */; };
		92FD43CE1F306D54005182CB /* ClubInformationController.m in Sources */ = {isa = PBXBuildFile; fileRef = 92FD43CB1F306D54005182CB /* ClubInformationController.m */; };
		92FD43CF1F306D54005182CB /* ClubInformationViewModel.m in Sources */ = {isa = PBXBuildFile; fileRef = 92FD43CD1F306D54005182CB /* ClubInformationViewModel.m */; };
		92FD43D41F306D8B005182CB /* ClubSynopsisController.m in Sources */ = {isa = PBXBuildFile; fileRef = 92FD43D11F306D8B005182CB /* ClubSynopsisController.m */; };
		92FD43D51F306D8B005182CB /* ClubSynopsisViewModel.m in Sources */ = {isa = PBXBuildFile; fileRef = 92FD43D31F306D8B005182CB /* ClubSynopsisViewModel.m */; };
		92FD43D91F306E24005182CB /* CAPSPageMenu.m in Sources */ = {isa = PBXBuildFile; fileRef = 92FD43D81F306E24005182CB /* CAPSPageMenu.m */; };
		92FD43DC1F307080005182CB /* BannerModel.m in Sources */ = {isa = PBXBuildFile; fileRef = 92FD43DB1F307080005182CB /* BannerModel.m */; };
		92FD43E01F307691005182CB /* ClubNameTableCell.m in Sources */ = {isa = PBXBuildFile; fileRef = 92FD43DE1F307691005182CB /* ClubNameTableCell.m */; };
		92FD43E11F307691005182CB /* ClubNameTableCell.xib in Resources */ = {isa = PBXBuildFile; fileRef = 92FD43DF1F307691005182CB /* ClubNameTableCell.xib */; };
		EBC73ED3A84E98C3F083EB4B /* libPods-ChinaMerchants.a in Frameworks */ = {isa = PBXBuildFile; fileRef = F8DCA71BEB114E87A0D908AB /* libPods-ChinaMerchants.a */; };
/* End PBXBuildFile section */

/* Begin PBXContainerItemProxy section */
		922F00951F2EDC200007D8D2 /* PBXContainerItemProxy */ = {
			isa = PBXContainerItemProxy;
			containerPortal = 922F00731F2EDC200007D8D2 /* Project object */;
			proxyType = 1;
			remoteGlobalIDString = 922F007A1F2EDC200007D8D2;
			remoteInfo = ChinaMerchants;
		};
		922F00A01F2EDC210007D8D2 /* PBXContainerItemProxy */ = {
			isa = PBXContainerItemProxy;
			containerPortal = 922F00731F2EDC200007D8D2 /* Project object */;
			proxyType = 1;
			remoteGlobalIDString = 922F007A1F2EDC200007D8D2;
			remoteInfo = ChinaMerchants;
		};
/* End PBXContainerItemProxy section */

/* Begin PBXFileReference section */
		922F007B1F2EDC200007D8D2 /* ChinaMerchants.app */ = {isa = PBXFileReference; explicitFileType = wrapper.application; includeInIndex = 0; path = ChinaMerchants.app; sourceTree = BUILT_PRODUCTS_DIR; };
		922F007F1F2EDC200007D8D2 /* main.m */ = {isa = PBXFileReference; lastKnownFileType = sourcecode.c.objc; path = main.m; sourceTree = "<group>"; };
		922F00841F2EDC200007D8D2 /* ViewController.h */ = {isa = PBXFileReference; lastKnownFileType = sourcecode.c.h; path = ViewController.h; sourceTree = "<group>"; };
		922F00851F2EDC200007D8D2 /* ViewController.m */ = {isa = PBXFileReference; lastKnownFileType = sourcecode.c.objc; path = ViewController.m; sourceTree = "<group>"; };
		922F00881F2EDC200007D8D2 /* Base */ = {isa = PBXFileReference; lastKnownFileType = file.storyboard; name = Base; path = Base.lproj/Main.storyboard; sourceTree = "<group>"; };
		922F008A1F2EDC200007D8D2 /* Assets.xcassets */ = {isa = PBXFileReference; lastKnownFileType = folder.assetcatalog; name = Assets.xcassets; path = ../Assets.xcassets; sourceTree = "<group>"; };
		922F008D1F2EDC200007D8D2 /* Base */ = {isa = PBXFileReference; lastKnownFileType = file.storyboard; name = Base; path = Base.lproj/LaunchScreen.storyboard; sourceTree = "<group>"; };
		922F008F1F2EDC200007D8D2 /* Info.plist */ = {isa = PBXFileReference; lastKnownFileType = text.plist.xml; path = Info.plist; sourceTree = "<group>"; };
		922F00941F2EDC200007D8D2 /* ChinaMerchantsTests.xctest */ = {isa = PBXFileReference; explicitFileType = wrapper.cfbundle; includeInIndex = 0; path = ChinaMerchantsTests.xctest; sourceTree = BUILT_PRODUCTS_DIR; };
		922F00981F2EDC210007D8D2 /* ChinaMerchantsTests.m */ = {isa = PBXFileReference; lastKnownFileType = sourcecode.c.objc; path = ChinaMerchantsTests.m; sourceTree = "<group>"; };
		922F009A1F2EDC210007D8D2 /* Info.plist */ = {isa = PBXFileReference; lastKnownFileType = text.plist.xml; path = Info.plist; sourceTree = "<group>"; };
		922F009F1F2EDC210007D8D2 /* ChinaMerchantsUITests.xctest */ = {isa = PBXFileReference; explicitFileType = wrapper.cfbundle; includeInIndex = 0; path = ChinaMerchantsUITests.xctest; sourceTree = BUILT_PRODUCTS_DIR; };
		922F00A31F2EDC210007D8D2 /* ChinaMerchantsUITests.m */ = {isa = PBXFileReference; lastKnownFileType = sourcecode.c.objc; path = ChinaMerchantsUITests.m; sourceTree = "<group>"; };
		922F00A51F2EDC210007D8D2 /* Info.plist */ = {isa = PBXFileReference; lastKnownFileType = text.plist.xml; path = Info.plist; sourceTree = "<group>"; };
		922F00B11F2EDCA50007D8D2 /* CHTypeEnum.h */ = {isa = PBXFileReference; lastKnownFileType = sourcecode.c.h; path = CHTypeEnum.h; sourceTree = "<group>"; };
		922F01141F2EDDA60007D8D2 /* BaseViewController.h */ = {isa = PBXFileReference; fileEncoding = 4; lastKnownFileType = sourcecode.c.h; path = BaseViewController.h; sourceTree = "<group>"; };
		922F01151F2EDDA60007D8D2 /* BaseViewController.m */ = {isa = PBXFileReference; fileEncoding = 4; lastKnownFileType = sourcecode.c.objc; path = BaseViewController.m; sourceTree = "<group>"; };
		922F01171F2EDDDC0007D8D2 /* BaseTabBarController.h */ = {isa = PBXFileReference; fileEncoding = 4; lastKnownFileType = sourcecode.c.h; path = BaseTabBarController.h; sourceTree = "<group>"; };
		922F01181F2EDDDC0007D8D2 /* BaseTabBarController.m */ = {isa = PBXFileReference; fileEncoding = 4; lastKnownFileType = sourcecode.c.objc; path = BaseTabBarController.m; sourceTree = "<group>"; };
		922F011A1F2EE0230007D8D2 /* BaseNavigationController.h */ = {isa = PBXFileReference; fileEncoding = 4; lastKnownFileType = sourcecode.c.h; path = BaseNavigationController.h; sourceTree = "<group>"; };
		922F011B1F2EE0230007D8D2 /* BaseNavigationController.m */ = {isa = PBXFileReference; fileEncoding = 4; lastKnownFileType = sourcecode.c.objc; path = BaseNavigationController.m; sourceTree = "<group>"; };
		922F03221F2F16AB0007D8D2 /* ClubController.h */ = {isa = PBXFileReference; fileEncoding = 4; lastKnownFileType = sourcecode.c.h; path = ClubController.h; sourceTree = "<group>"; };
		922F03231F2F16AB0007D8D2 /* ClubController.m */ = {isa = PBXFileReference; fileEncoding = 4; lastKnownFileType = sourcecode.c.objc; path = ClubController.m; sourceTree = "<group>"; };
		922F03241F2F16AB0007D8D2 /* ClubViewModel.h */ = {isa = PBXFileReference; fileEncoding = 4; lastKnownFileType = sourcecode.c.h; path = ClubViewModel.h; sourceTree = "<group>"; };
		922F03251F2F16AB0007D8D2 /* ClubViewModel.m */ = {isa = PBXFileReference; fileEncoding = 4; lastKnownFileType = sourcecode.c.objc; path = ClubViewModel.m; sourceTree = "<group>"; };
		922F03281F2F16BC0007D8D2 /* WorkController.h */ = {isa = PBXFileReference; fileEncoding = 4; lastKnownFileType = sourcecode.c.h; path = WorkController.h; sourceTree = "<group>"; };
		922F03291F2F16BC0007D8D2 /* WorkController.m */ = {isa = PBXFileReference; fileEncoding = 4; lastKnownFileType = sourcecode.c.objc; path = WorkController.m; sourceTree = "<group>"; };
		922F032A1F2F16BC0007D8D2 /* WorkViewModel.h */ = {isa = PBXFileReference; fileEncoding = 4; lastKnownFileType = sourcecode.c.h; path = WorkViewModel.h; sourceTree = "<group>"; };
		922F032B1F2F16BC0007D8D2 /* WorkViewModel.m */ = {isa = PBXFileReference; fileEncoding = 4; lastKnownFileType = sourcecode.c.objc; path = WorkViewModel.m; sourceTree = "<group>"; };
		922F032E1F2F16CC0007D8D2 /* MineController.h */ = {isa = PBXFileReference; fileEncoding = 4; lastKnownFileType = sourcecode.c.h; path = MineController.h; sourceTree = "<group>"; };
		922F032F1F2F16CC0007D8D2 /* MineController.m */ = {isa = PBXFileReference; fileEncoding = 4; lastKnownFileType = sourcecode.c.objc; path = MineController.m; sourceTree = "<group>"; };
		922F03301F2F16CC0007D8D2 /* MineViewModel.h */ = {isa = PBXFileReference; fileEncoding = 4; lastKnownFileType = sourcecode.c.h; path = MineViewModel.h; sourceTree = "<group>"; };
		922F03311F2F16CC0007D8D2 /* MineViewModel.m */ = {isa = PBXFileReference; fileEncoding = 4; lastKnownFileType = sourcecode.c.objc; path = MineViewModel.m; sourceTree = "<group>"; };
		922F03341F2F16D90007D8D2 /* StudyController.h */ = {isa = PBXFileReference; fileEncoding = 4; lastKnownFileType = sourcecode.c.h; path = StudyController.h; sourceTree = "<group>"; };
		922F03351F2F16D90007D8D2 /* StudyController.m */ = {isa = PBXFileReference; fileEncoding = 4; lastKnownFileType = sourcecode.c.objc; path = StudyController.m; sourceTree = "<group>"; };
		922F03361F2F16D90007D8D2 /* StudyViewModel.h */ = {isa = PBXFileReference; fileEncoding = 4; lastKnownFileType = sourcecode.c.h; path = StudyViewModel.h; sourceTree = "<group>"; };
		922F03371F2F16D90007D8D2 /* StudyViewModel.m */ = {isa = PBXFileReference; fileEncoding = 4; lastKnownFileType = sourcecode.c.objc; path = StudyViewModel.m; sourceTree = "<group>"; };
		922F033A1F2F16EC0007D8D2 /* DynamicController.h */ = {isa = PBXFileReference; fileEncoding = 4; lastKnownFileType = sourcecode.c.h; path = DynamicController.h; sourceTree = "<group>"; };
		922F033B1F2F16EC0007D8D2 /* DynamicController.m */ = {isa = PBXFileReference; fileEncoding = 4; lastKnownFileType = sourcecode.c.objc; path = DynamicController.m; sourceTree = "<group>"; };
		922F033C1F2F16EC0007D8D2 /* DynamicViewModel.h */ = {isa = PBXFileReference; fileEncoding = 4; lastKnownFileType = sourcecode.c.h; path = DynamicViewModel.h; sourceTree = "<group>"; };
		922F033D1F2F16EC0007D8D2 /* DynamicViewModel.m */ = {isa = PBXFileReference; fileEncoding = 4; lastKnownFileType = sourcecode.c.objc; path = DynamicViewModel.m; sourceTree = "<group>"; };
		922F03471F2F17710007D8D2 /* AppDelegate.h */ = {isa = PBXFileReference; fileEncoding = 4; lastKnownFileType = sourcecode.c.h; path = AppDelegate.h; sourceTree = "<group>"; };
		922F03481F2F17710007D8D2 /* AppDelegate.m */ = {isa = PBXFileReference; fileEncoding = 4; lastKnownFileType = sourcecode.c.objc; path = AppDelegate.m; sourceTree = "<group>"; };
		922F034A1F2F18450007D8D2 /* AppDelegate+MainUI.h */ = {isa = PBXFileReference; fileEncoding = 4; lastKnownFileType = sourcecode.c.h; path = "AppDelegate+MainUI.h"; sourceTree = "<group>"; };
		922F034B1F2F18450007D8D2 /* AppDelegate+MainUI.m */ = {isa = PBXFileReference; fileEncoding = 4; lastKnownFileType = sourcecode.c.objc; path = "AppDelegate+MainUI.m"; sourceTree = "<group>"; };
		922F034D1F2F19010007D8D2 /* RootController.h */ = {isa = PBXFileReference; fileEncoding = 4; lastKnownFileType = sourcecode.c.h; path = RootController.h; sourceTree = "<group>"; };
		922F034E1F2F19010007D8D2 /* RootController.m */ = {isa = PBXFileReference; fileEncoding = 4; lastKnownFileType = sourcecode.c.objc; path = RootController.m; sourceTree = "<group>"; };
		92C9A7921F307B3F007938C1 /* ClubAddressTableCell.h */ = {isa = PBXFileReference; fileEncoding = 4; lastKnownFileType = sourcecode.c.h; path = ClubAddressTableCell.h; sourceTree = "<group>"; };
		92C9A7931F307B3F007938C1 /* ClubAddressTableCell.m */ = {isa = PBXFileReference; fileEncoding = 4; lastKnownFileType = sourcecode.c.objc; path = ClubAddressTableCell.m; sourceTree = "<group>"; };
		92C9A7941F307B3F007938C1 /* ClubAddressTableCell.xib */ = {isa = PBXFileReference; fileEncoding = 4; lastKnownFileType = file.xib; path = ClubAddressTableCell.xib; sourceTree = "<group>"; };
		92C9A7971F307EBE007938C1 /* ClubCoachTableCell.h */ = {isa = PBXFileReference; fileEncoding = 4; lastKnownFileType = sourcecode.c.h; path = ClubCoachTableCell.h; sourceTree = "<group>"; };
		92C9A7981F307EBE007938C1 /* ClubCoachTableCell.m */ = {isa = PBXFileReference; fileEncoding = 4; lastKnownFileType = sourcecode.c.objc; path = ClubCoachTableCell.m; sourceTree = "<group>"; };
		92C9A7991F307EBE007938C1 /* ClubCoachTableCell.xib */ = {isa = PBXFileReference; fileEncoding = 4; lastKnownFileType = file.xib; path = ClubCoachTableCell.xib; sourceTree = "<group>"; };
		92C9A79C1F308211007938C1 /* RankingImageViewTableViewCell.h */ = {isa = PBXFileReference; fileEncoding = 4; lastKnownFileType = sourcecode.c.h; path = RankingImageViewTableViewCell.h; sourceTree = "<group>"; };
		92C9A79D1F308211007938C1 /* RankingImageViewTableViewCell.m */ = {isa = PBXFileReference; fileEncoding = 4; lastKnownFileType = sourcecode.c.objc; path = RankingImageViewTableViewCell.m; sourceTree = "<group>"; };
		92C9A7A01F308274007938C1 /* RankingCollectionView.h */ = {isa = PBXFileReference; fileEncoding = 4; lastKnownFileType = sourcecode.c.h; path = RankingCollectionView.h; sourceTree = "<group>"; };
		92C9A7A11F308274007938C1 /* RankingCollectionView.m */ = {isa = PBXFileReference; fileEncoding = 4; lastKnownFileType = sourcecode.c.objc; path = RankingCollectionView.m; sourceTree = "<group>"; };
		92C9A7A21F308274007938C1 /* RankingCollectionViewCell.h */ = {isa = PBXFileReference; fileEncoding = 4; lastKnownFileType = sourcecode.c.h; path = RankingCollectionViewCell.h; sourceTree = "<group>"; };
		92C9A7A31F308274007938C1 /* RankingCollectionViewCell.m */ = {isa = PBXFileReference; fileEncoding = 4; lastKnownFileType = sourcecode.c.objc; path = RankingCollectionViewCell.m; sourceTree = "<group>"; };
		92C9A7A41F308274007938C1 /* RankingCollectionViewCell.xib */ = {isa = PBXFileReference; fileEncoding = 4; lastKnownFileType = file.xib; path = RankingCollectionViewCell.xib; sourceTree = "<group>"; };
		92C9A7A81F3084BB007938C1 /* ClubSectionTableCell.h */ = {isa = PBXFileReference; fileEncoding = 4; lastKnownFileType = sourcecode.c.h; path = ClubSectionTableCell.h; sourceTree = "<group>"; };
		92C9A7A91F3084BB007938C1 /* ClubSectionTableCell.m */ = {isa = PBXFileReference; fileEncoding = 4; lastKnownFileType = sourcecode.c.objc; path = ClubSectionTableCell.m; sourceTree = "<group>"; };
		92C9A7AA1F3084BB007938C1 /* ClubSectionTableCell.xib */ = {isa = PBXFileReference; fileEncoding = 4; lastKnownFileType = file.xib; path = ClubSectionTableCell.xib; sourceTree = "<group>"; };
		92C9A7AD1F308597007938C1 /* ClubClassImageTableCell.h */ = {isa = PBXFileReference; fileEncoding = 4; lastKnownFileType = sourcecode.c.h; path = ClubClassImageTableCell.h; sourceTree = "<group>"; };
		92C9A7AE1F308597007938C1 /* ClubClassImageTableCell.m */ = {isa = PBXFileReference; fileEncoding = 4; lastKnownFileType = sourcecode.c.objc; path = ClubClassImageTableCell.m; sourceTree = "<group>"; };
		92C9A7AF1F308597007938C1 /* ClubClassImageTableCell.xib */ = {isa = PBXFileReference; fileEncoding = 4; lastKnownFileType = file.xib; path = ClubClassImageTableCell.xib; sourceTree = "<group>"; };
		92C9A7B21F308758007938C1 /* ClubVideoTableCell.h */ = {isa = PBXFileReference; fileEncoding = 4; lastKnownFileType = sourcecode.c.h; path = ClubVideoTableCell.h; sourceTree = "<group>"; };
		92C9A7B31F308758007938C1 /* ClubVideoTableCell.m */ = {isa = PBXFileReference; fileEncoding = 4; lastKnownFileType = sourcecode.c.objc; path = ClubVideoTableCell.m; sourceTree = "<group>"; };
		92C9A7B41F308758007938C1 /* ClubVideoTableCell.xib */ = {isa = PBXFileReference; fileEncoding = 4; lastKnownFileType = file.xib; path = ClubVideoTableCell.xib; sourceTree = "<group>"; };
		92C9A7B81F308A9F007938C1 /* UIImageView+Load.h */ = {isa = PBXFileReference; fileEncoding = 4; lastKnownFileType = sourcecode.c.h; path = "UIImageView+Load.h"; sourceTree = "<group>"; };
		92C9A7B91F308A9F007938C1 /* UIImageView+Load.m */ = {isa = PBXFileReference; fileEncoding = 4; lastKnownFileType = sourcecode.c.objc; path = "UIImageView+Load.m"; sourceTree = "<group>"; };
		92C9A7BC1F3169E2007938C1 /* QMCalendarFunction.h */ = {isa = PBXFileReference; fileEncoding = 4; lastKnownFileType = sourcecode.c.h; path = QMCalendarFunction.h; sourceTree = "<group>"; };
		92C9A7BD1F3169E2007938C1 /* QMCalendarFunction.m */ = {isa = PBXFileReference; fileEncoding = 4; lastKnownFileType = sourcecode.c.objc; path = QMCalendarFunction.m; sourceTree = "<group>"; };
		92C9A7BF1F3171CF007938C1 /* QMCalendarView.h */ = {isa = PBXFileReference; fileEncoding = 4; lastKnownFileType = sourcecode.c.h; path = QMCalendarView.h; sourceTree = "<group>"; };
		92C9A7C01F3171CF007938C1 /* QMCalendarView.m */ = {isa = PBXFileReference; fileEncoding = 4; lastKnownFileType = sourcecode.c.objc; path = QMCalendarView.m; sourceTree = "<group>"; };
		92C9A7C21F317357007938C1 /* QMCalendarDayCell.h */ = {isa = PBXFileReference; fileEncoding = 4; lastKnownFileType = sourcecode.c.h; path = QMCalendarDayCell.h; sourceTree = "<group>"; };
		92C9A7C31F317357007938C1 /* QMCalendarDayCell.m */ = {isa = PBXFileReference; fileEncoding = 4; lastKnownFileType = sourcecode.c.objc; path = QMCalendarDayCell.m; sourceTree = "<group>"; };
		92C9A7C51F31A686007938C1 /* XXAPI.h */ = {isa = PBXFileReference; fileEncoding = 4; lastKnownFileType = sourcecode.c.h; path = XXAPI.h; sourceTree = "<group>"; };
		92C9A7C61F31A686007938C1 /* XXAPI.m */ = {isa = PBXFileReference; fileEncoding = 4; lastKnownFileType = sourcecode.c.objc; path = XXAPI.m; sourceTree = "<group>"; };
		92C9A7C81F31A727007938C1 /* Utils.h */ = {isa = PBXFileReference; fileEncoding = 4; lastKnownFileType = sourcecode.c.h; path = Utils.h; sourceTree = "<group>"; };
		92C9A7C91F31A727007938C1 /* Utils.m */ = {isa = PBXFileReference; fileEncoding = 4; lastKnownFileType = sourcecode.c.objc; path = Utils.m; sourceTree = "<group>"; };
		92C9A7CB1F31C72D007938C1 /* QMClassCalendarView.h */ = {isa = PBXFileReference; fileEncoding = 4; lastKnownFileType = sourcecode.c.h; path = QMClassCalendarView.h; sourceTree = "<group>"; };
		92C9A7CC1F31C72D007938C1 /* QMClassCalendarView.m */ = {isa = PBXFileReference; fileEncoding = 4; lastKnownFileType = sourcecode.c.objc; path = QMClassCalendarView.m; sourceTree = "<group>"; };
		92C9A7CE1F31D0B3007938C1 /* StudySignRecordController.h */ = {isa = PBXFileReference; fileEncoding = 4; lastKnownFileType = sourcecode.c.h; path = StudySignRecordController.h; sourceTree = "<group>"; };
		92C9A7CF1F31D0B3007938C1 /* StudySignRecordController.m */ = {isa = PBXFileReference; fileEncoding = 4; lastKnownFileType = sourcecode.c.objc; path = StudySignRecordController.m; sourceTree = "<group>"; };
		92C9A7D01F31D0B3007938C1 /* StudySignRecordViewModel.h */ = {isa = PBXFileReference; fileEncoding = 4; lastKnownFileType = sourcecode.c.h; path = StudySignRecordViewModel.h; sourceTree = "<group>"; };
		92C9A7D11F31D0B3007938C1 /* StudySignRecordViewModel.m */ = {isa = PBXFileReference; fileEncoding = 4; lastKnownFileType = sourcecode.c.objc; path = StudySignRecordViewModel.m; sourceTree = "<group>"; };
		92C9A7D41F31D1DE007938C1 /* StudyClassSummaryController.h */ = {isa = PBXFileReference; fileEncoding = 4; lastKnownFileType = sourcecode.c.h; path = StudyClassSummaryController.h; sourceTree = "<group>"; };
		92C9A7D51F31D1DE007938C1 /* StudyClassSummaryController.m */ = {isa = PBXFileReference; fileEncoding = 4; lastKnownFileType = sourcecode.c.objc; path = StudyClassSummaryController.m; sourceTree = "<group>"; };
		92C9A7D61F31D1DE007938C1 /* StudyClassSummaryViewModel.h */ = {isa = PBXFileReference; fileEncoding = 4; lastKnownFileType = sourcecode.c.h; path = StudyClassSummaryViewModel.h; sourceTree = "<group>"; };
		92C9A7D71F31D1DE007938C1 /* StudyClassSummaryViewModel.m */ = {isa = PBXFileReference; fileEncoding = 4; lastKnownFileType = sourcecode.c.objc; path = StudyClassSummaryViewModel.m; sourceTree = "<group>"; };
		92C9A7DA1F31D2DB007938C1 /* ClubNewClassTableCell.h */ = {isa = PBXFileReference; fileEncoding = 4; lastKnownFileType = sourcecode.c.h; path = ClubNewClassTableCell.h; sourceTree = "<group>"; };
		92C9A7DB1F31D2DB007938C1 /* ClubNewClassTableCell.m */ = {isa = PBXFileReference; fileEncoding = 4; lastKnownFileType = sourcecode.c.objc; path = ClubNewClassTableCell.m; sourceTree = "<group>"; };
		92C9A7DC1F31D2DB007938C1 /* ClubNewClassTableCell.xib */ = {isa = PBXFileReference; fileEncoding = 4; lastKnownFileType = file.xib; path = ClubNewClassTableCell.xib; sourceTree = "<group>"; };
		92C9A7DF1F31D9D7007938C1 /* AppDelegate+JPush.h */ = {isa = PBXFileReference; fileEncoding = 4; lastKnownFileType = sourcecode.c.h; path = "AppDelegate+JPush.h"; sourceTree = "<group>"; };
		92C9A7E01F31D9D7007938C1 /* AppDelegate+JPush.m */ = {isa = PBXFileReference; fileEncoding = 4; lastKnownFileType = sourcecode.c.objc; path = "AppDelegate+JPush.m"; sourceTree = "<group>"; };
		92C9A7E11F31D9D7007938C1 /* AppDelegate+Keyboard.h */ = {isa = PBXFileReference; fileEncoding = 4; lastKnownFileType = sourcecode.c.h; path = "AppDelegate+Keyboard.h"; sourceTree = "<group>"; };
		92C9A7E21F31D9D7007938C1 /* AppDelegate+Keyboard.m */ = {isa = PBXFileReference; fileEncoding = 4; lastKnownFileType = sourcecode.c.objc; path = "AppDelegate+Keyboard.m"; sourceTree = "<group>"; };
		92C9A7E31F31D9D7007938C1 /* AppDelegate+Notification.h */ = {isa = PBXFileReference; fileEncoding = 4; lastKnownFileType = sourcecode.c.h; path = "AppDelegate+Notification.h"; sourceTree = "<group>"; };
		92C9A7E41F31D9D7007938C1 /* AppDelegate+Notification.m */ = {isa = PBXFileReference; fileEncoding = 4; lastKnownFileType = sourcecode.c.objc; path = "AppDelegate+Notification.m"; sourceTree = "<group>"; };
		92C9A7E51F31D9D7007938C1 /* AppDelegate+UMeng.h */ = {isa = PBXFileReference; fileEncoding = 4; lastKnownFileType = sourcecode.c.h; path = "AppDelegate+UMeng.h"; sourceTree = "<group>"; };
		92C9A7E61F31D9D7007938C1 /* AppDelegate+UMeng.m */ = {isa = PBXFileReference; fileEncoding = 4; lastKnownFileType = sourcecode.c.objc; path = "AppDelegate+UMeng.m"; sourceTree = "<group>"; };
		92FD434B1F300EBF005182CB /* EMChatManager.h */ = {isa = PBXFileReference; fileEncoding = 4; lastKnownFileType = sourcecode.c.h; path = EMChatManager.h; sourceTree = "<group>"; };
		92FD434C1F300EBF005182CB /* EMChatManager.m */ = {isa = PBXFileReference; fileEncoding = 4; lastKnownFileType = sourcecode.c.objc; path = EMChatManager.m; sourceTree = "<group>"; };
		92FD43591F301272005182CB /* StorageManager.h */ = {isa = PBXFileReference; fileEncoding = 4; lastKnownFileType = sourcecode.c.h; path = StorageManager.h; sourceTree = "<group>"; };
		92FD435A1F301272005182CB /* StorageManager.m */ = {isa = PBXFileReference; fileEncoding = 4; lastKnownFileType = sourcecode.c.objc; path = StorageManager.m; sourceTree = "<group>"; };
		92FD435B1F301272005182CB /* UserManager.h */ = {isa = PBXFileReference; fileEncoding = 4; lastKnownFileType = sourcecode.c.h; path = UserManager.h; sourceTree = "<group>"; };
		92FD435C1F301272005182CB /* UserManager.m */ = {isa = PBXFileReference; fileEncoding = 4; lastKnownFileType = sourcecode.c.objc; path = UserManager.m; sourceTree = "<group>"; };
		92FD435F1F3012C3005182CB /* BaseModel.h */ = {isa = PBXFileReference; fileEncoding = 4; lastKnownFileType = sourcecode.c.h; path = BaseModel.h; sourceTree = "<group>"; };
		92FD43601F3012C3005182CB /* BaseModel.m */ = {isa = PBXFileReference; fileEncoding = 4; lastKnownFileType = sourcecode.c.objc; path = BaseModel.m; sourceTree = "<group>"; };
		92FD43701F30140F005182CB /* UserInfoModel.h */ = {isa = PBXFileReference; fileEncoding = 4; lastKnownFileType = sourcecode.c.h; path = UserInfoModel.h; sourceTree = "<group>"; };
		92FD43711F30140F005182CB /* UserInfoModel.m */ = {isa = PBXFileReference; fileEncoding = 4; lastKnownFileType = sourcecode.c.objc; path = UserInfoModel.m; sourceTree = "<group>"; };
		92FD43751F3014EB005182CB /* QMStorageManage.h */ = {isa = PBXFileReference; fileEncoding = 4; lastKnownFileType = sourcecode.c.h; path = QMStorageManage.h; sourceTree = "<group>"; };
		92FD43761F3014EB005182CB /* QMStorageManage.m */ = {isa = PBXFileReference; fileEncoding = 4; lastKnownFileType = sourcecode.c.objc; path = QMStorageManage.m; sourceTree = "<group>"; };
		92FD43791F30153D005182CB /* InfoPlist.h */ = {isa = PBXFileReference; fileEncoding = 4; lastKnownFileType = sourcecode.c.h; path = InfoPlist.h; sourceTree = "<group>"; };
		92FD437A1F30153D005182CB /* InfoPlist.m */ = {isa = PBXFileReference; fileEncoding = 4; lastKnownFileType = sourcecode.c.objc; path = InfoPlist.m; sourceTree = "<group>"; };
		92FD437E1F301721005182CB /* NSError+Reason.h */ = {isa = PBXFileReference; fileEncoding = 4; lastKnownFileType = sourcecode.c.h; path = "NSError+Reason.h"; sourceTree = "<group>"; };
		92FD437F1F301721005182CB /* NSError+Reason.m */ = {isa = PBXFileReference; fileEncoding = 4; lastKnownFileType = sourcecode.c.objc; path = "NSError+Reason.m"; sourceTree = "<group>"; };
		92FD43851F301C95005182CB /* LoginController.h */ = {isa = PBXFileReference; fileEncoding = 4; lastKnownFileType = sourcecode.c.h; path = LoginController.h; sourceTree = "<group>"; };
		92FD43861F301C95005182CB /* LoginController.m */ = {isa = PBXFileReference; fileEncoding = 4; lastKnownFileType = sourcecode.c.objc; path = LoginController.m; sourceTree = "<group>"; };
		92FD43871F301C95005182CB /* LoginViewModel.h */ = {isa = PBXFileReference; fileEncoding = 4; lastKnownFileType = sourcecode.c.h; path = LoginViewModel.h; sourceTree = "<group>"; };
		92FD43881F301C95005182CB /* LoginViewModel.m */ = {isa = PBXFileReference; fileEncoding = 4; lastKnownFileType = sourcecode.c.objc; path = LoginViewModel.m; sourceTree = "<group>"; };
		92FD438D1F301CB0005182CB /* RegisterController.h */ = {isa = PBXFileReference; fileEncoding = 4; lastKnownFileType = sourcecode.c.h; path = RegisterController.h; sourceTree = "<group>"; };
		92FD438E1F301CB0005182CB /* RegisterController.m */ = {isa = PBXFileReference; fileEncoding = 4; lastKnownFileType = sourcecode.c.objc; path = RegisterController.m; sourceTree = "<group>"; };
		92FD438F1F301CB0005182CB /* RegisterViewModel.h */ = {isa = PBXFileReference; fileEncoding = 4; lastKnownFileType = sourcecode.c.h; path = RegisterViewModel.h; sourceTree = "<group>"; };
		92FD43901F301CB0005182CB /* RegisterViewModel.m */ = {isa = PBXFileReference; fileEncoding = 4; lastKnownFileType = sourcecode.c.objc; path = RegisterViewModel.m; sourceTree = "<group>"; };
		92FD43931F301CC1005182CB /* AuthCodeController.h */ = {isa = PBXFileReference; fileEncoding = 4; lastKnownFileType = sourcecode.c.h; path = AuthCodeController.h; sourceTree = "<group>"; };
		92FD43941F301CC1005182CB /* AuthCodeController.m */ = {isa = PBXFileReference; fileEncoding = 4; lastKnownFileType = sourcecode.c.objc; path = AuthCodeController.m; sourceTree = "<group>"; };
		92FD43951F301CC1005182CB /* AuthCodeViewModel.h */ = {isa = PBXFileReference; fileEncoding = 4; lastKnownFileType = sourcecode.c.h; path = AuthCodeViewModel.h; sourceTree = "<group>"; };
		92FD43961F301CC1005182CB /* AuthCodeViewModel.m */ = {isa = PBXFileReference; fileEncoding = 4; lastKnownFileType = sourcecode.c.objc; path = AuthCodeViewModel.m; sourceTree = "<group>"; };
		92FD439A1F301F84005182CB /* CHImages.xcassets */ = {isa = PBXFileReference; lastKnownFileType = folder.assetcatalog; path = CHImages.xcassets; sourceTree = "<group>"; };
		92FD439D1F30252A005182CB /* NSMutableAttributedString+AttributedString.h */ = {isa = PBXFileReference; fileEncoding = 4; lastKnownFileType = sourcecode.c.h; path = "NSMutableAttributedString+AttributedString.h"; sourceTree = "<group>"; };
		92FD439E1F30252A005182CB /* NSMutableAttributedString+AttributedString.m */ = {isa = PBXFileReference; fileEncoding = 4; lastKnownFileType = sourcecode.c.objc; path = "NSMutableAttributedString+AttributedString.m"; sourceTree = "<group>"; };
		92FD43A01F30252A005182CB /* MBProgressHUD+Loading.h */ = {isa = PBXFileReference; fileEncoding = 4; lastKnownFileType = sourcecode.c.h; path = "MBProgressHUD+Loading.h"; sourceTree = "<group>"; };
		92FD43A11F30252A005182CB /* MBProgressHUD+Loading.m */ = {isa = PBXFileReference; fileEncoding = 4; lastKnownFileType = sourcecode.c.objc; path = "MBProgressHUD+Loading.m"; sourceTree = "<group>"; };
		92FD43A31F30252A005182CB /* NSString+Others.h */ = {isa = PBXFileReference; fileEncoding = 4; lastKnownFileType = sourcecode.c.h; path = "NSString+Others.h"; sourceTree = "<group>"; };
		92FD43A41F30252A005182CB /* NSString+Others.m */ = {isa = PBXFileReference; fileEncoding = 4; lastKnownFileType = sourcecode.c.objc; path = "NSString+Others.m"; sourceTree = "<group>"; };
		92FD43A51F30252A005182CB /* NSString+Size.h */ = {isa = PBXFileReference; fileEncoding = 4; lastKnownFileType = sourcecode.c.h; path = "NSString+Size.h"; sourceTree = "<group>"; };
		92FD43A61F30252A005182CB /* NSString+Size.m */ = {isa = PBXFileReference; fileEncoding = 4; lastKnownFileType = sourcecode.c.objc; path = "NSString+Size.m"; sourceTree = "<group>"; };
		92FD43A81F30252A005182CB /* UIColor+HUE.h */ = {isa = PBXFileReference; fileEncoding = 4; lastKnownFileType = sourcecode.c.h; path = "UIColor+HUE.h"; sourceTree = "<group>"; };
		92FD43A91F30252A005182CB /* UIColor+HUE.m */ = {isa = PBXFileReference; fileEncoding = 4; lastKnownFileType = sourcecode.c.objc; path = "UIColor+HUE.m"; sourceTree = "<group>"; };
		92FD43AB1F30252A005182CB /* UIResponder+Empty.h */ = {isa = PBXFileReference; fileEncoding = 4; lastKnownFileType = sourcecode.c.h; path = "UIResponder+Empty.h"; sourceTree = "<group>"; };
		92FD43AC1F30252A005182CB /* UIResponder+Empty.m */ = {isa = PBXFileReference; fileEncoding = 4; lastKnownFileType = sourcecode.c.objc; path = "UIResponder+Empty.m"; sourceTree = "<group>"; };
		92FD43B41F30605C005182CB /* UINavigationBar+Awesome.h */ = {isa = PBXFileReference; fileEncoding = 4; lastKnownFileType = sourcecode.c.h; path = "UINavigationBar+Awesome.h"; sourceTree = "<group>"; };
		92FD43B51F30605C005182CB /* UINavigationBar+Awesome.m */ = {isa = PBXFileReference; fileEncoding = 4; lastKnownFileType = sourcecode.c.objc; path = "UINavigationBar+Awesome.m"; sourceTree = "<group>"; };
		92FD43B61F30605C005182CB /* UINavigationBar+Custom.h */ = {isa = PBXFileReference; fileEncoding = 4; lastKnownFileType = sourcecode.c.h; path = "UINavigationBar+Custom.h"; sourceTree = "<group>"; };
		92FD43B71F30605C005182CB /* UINavigationBar+Custom.m */ = {isa = PBXFileReference; fileEncoding = 4; lastKnownFileType = sourcecode.c.objc; path = "UINavigationBar+Custom.m"; sourceTree = "<group>"; };
		92FD43BA1F306B25005182CB /* HomeBannerTableViewCell.h */ = {isa = PBXFileReference; fileEncoding = 4; lastKnownFileType = sourcecode.c.h; path = HomeBannerTableViewCell.h; sourceTree = "<group>"; };
		92FD43BB1F306B25005182CB /* HomeBannerTableViewCell.m */ = {isa = PBXFileReference; fileEncoding = 4; lastKnownFileType = sourcecode.c.objc; path = HomeBannerTableViewCell.m; sourceTree = "<group>"; };
		92FD43BC1F306B25005182CB /* HomeBannerTableViewCell.xib */ = {isa = PBXFileReference; fileEncoding = 4; lastKnownFileType = file.xib; path = HomeBannerTableViewCell.xib; sourceTree = "<group>"; };
		92FD43C11F306B85005182CB /* UITableViewCell+DataSource.h */ = {isa = PBXFileReference; fileEncoding = 4; lastKnownFileType = sourcecode.c.h; path = "UITableViewCell+DataSource.h"; sourceTree = "<group>"; };
		92FD43C21F306B85005182CB /* UITableViewCell+DataSource.m */ = {isa = PBXFileReference; fileEncoding = 4; lastKnownFileType = sourcecode.c.objc; path = "UITableViewCell+DataSource.m"; sourceTree = "<group>"; };
		92FD43C31F306B85005182CB /* XXCellModel.h */ = {isa = PBXFileReference; fileEncoding = 4; lastKnownFileType = sourcecode.c.h; path = XXCellModel.h; sourceTree = "<group>"; };
		92FD43C41F306B85005182CB /* XXCellModel.m */ = {isa = PBXFileReference; fileEncoding = 4; lastKnownFileType = sourcecode.c.objc; path = XXCellModel.m; sourceTree = "<group>"; };
		92FD43C71F306BE1005182CB /* WYWLineTableViewCell.h */ = {isa = PBXFileReference; fileEncoding = 4; lastKnownFileType = sourcecode.c.h; path = WYWLineTableViewCell.h; sourceTree = "<group>"; };
		92FD43C81F306BE1005182CB /* WYWLineTableViewCell.m */ = {isa = PBXFileReference; fileEncoding = 4; lastKnownFileType = sourcecode.c.objc; path = WYWLineTableViewCell.m; sourceTree = "<group>"; };
		92FD43CA1F306D54005182CB /* ClubInformationController.h */ = {isa = PBXFileReference; fileEncoding = 4; lastKnownFileType = sourcecode.c.h; path = ClubInformationController.h; sourceTree = "<group>"; };
		92FD43CB1F306D54005182CB /* ClubInformationController.m */ = {isa = PBXFileReference; fileEncoding = 4; lastKnownFileType = sourcecode.c.objc; path = ClubInformationController.m; sourceTree = "<group>"; };
		92FD43CC1F306D54005182CB /* ClubInformationViewModel.h */ = {isa = PBXFileReference; fileEncoding = 4; lastKnownFileType = sourcecode.c.h; path = ClubInformationViewModel.h; sourceTree = "<group>"; };
		92FD43CD1F306D54005182CB /* ClubInformationViewModel.m */ = {isa = PBXFileReference; fileEncoding = 4; lastKnownFileType = sourcecode.c.objc; path = ClubInformationViewModel.m; sourceTree = "<group>"; };
		92FD43D01F306D8B005182CB /* ClubSynopsisController.h */ = {isa = PBXFileReference; fileEncoding = 4; lastKnownFileType = sourcecode.c.h; path = ClubSynopsisController.h; sourceTree = "<group>"; };
		92FD43D11F306D8B005182CB /* ClubSynopsisController.m */ = {isa = PBXFileReference; fileEncoding = 4; lastKnownFileType = sourcecode.c.objc; path = ClubSynopsisController.m; sourceTree = "<group>"; };
		92FD43D21F306D8B005182CB /* ClubSynopsisViewModel.h */ = {isa = PBXFileReference; fileEncoding = 4; lastKnownFileType = sourcecode.c.h; path = ClubSynopsisViewModel.h; sourceTree = "<group>"; };
		92FD43D31F306D8B005182CB /* ClubSynopsisViewModel.m */ = {isa = PBXFileReference; fileEncoding = 4; lastKnownFileType = sourcecode.c.objc; path = ClubSynopsisViewModel.m; sourceTree = "<group>"; };
		92FD43D71F306E24005182CB /* CAPSPageMenu.h */ = {isa = PBXFileReference; fileEncoding = 4; lastKnownFileType = sourcecode.c.h; path = CAPSPageMenu.h; sourceTree = "<group>"; };
		92FD43D81F306E24005182CB /* CAPSPageMenu.m */ = {isa = PBXFileReference; fileEncoding = 4; lastKnownFileType = sourcecode.c.objc; path = CAPSPageMenu.m; sourceTree = "<group>"; };
		92FD43DA1F307080005182CB /* BannerModel.h */ = {isa = PBXFileReference; fileEncoding = 4; lastKnownFileType = sourcecode.c.h; path = BannerModel.h; sourceTree = "<group>"; };
		92FD43DB1F307080005182CB /* BannerModel.m */ = {isa = PBXFileReference; fileEncoding = 4; lastKnownFileType = sourcecode.c.objc; path = BannerModel.m; sourceTree = "<group>"; };
		92FD43DD1F307691005182CB /* ClubNameTableCell.h */ = {isa = PBXFileReference; fileEncoding = 4; lastKnownFileType = sourcecode.c.h; path = ClubNameTableCell.h; sourceTree = "<group>"; };
		92FD43DE1F307691005182CB /* ClubNameTableCell.m */ = {isa = PBXFileReference; fileEncoding = 4; lastKnownFileType = sourcecode.c.objc; path = ClubNameTableCell.m; sourceTree = "<group>"; };
		92FD43DF1F307691005182CB /* ClubNameTableCell.xib */ = {isa = PBXFileReference; fileEncoding = 4; lastKnownFileType = file.xib; path = ClubNameTableCell.xib; sourceTree = "<group>"; };
		94FEACF66D1AE40BB6E7D763 /* Pods-ChinaMerchants.debug.xcconfig */ = {isa = PBXFileReference; includeInIndex = 1; lastKnownFileType = text.xcconfig; name = "Pods-ChinaMerchants.debug.xcconfig"; path = "Pods/Target Support Files/Pods-ChinaMerchants/Pods-ChinaMerchants.debug.xcconfig"; sourceTree = "<group>"; };
		F66CAB4112F2ADD8C773AAAE /* Pods-ChinaMerchants.release.xcconfig */ = {isa = PBXFileReference; includeInIndex = 1; lastKnownFileType = text.xcconfig; name = "Pods-ChinaMerchants.release.xcconfig"; path = "Pods/Target Support Files/Pods-ChinaMerchants/Pods-ChinaMerchants.release.xcconfig"; sourceTree = "<group>"; };
		F8DCA71BEB114E87A0D908AB /* libPods-ChinaMerchants.a */ = {isa = PBXFileReference; explicitFileType = archive.ar; includeInIndex = 0; path = "libPods-ChinaMerchants.a"; sourceTree = BUILT_PRODUCTS_DIR; };
/* End PBXFileReference section */

/* Begin PBXFrameworksBuildPhase section */
		922F00781F2EDC200007D8D2 /* Frameworks */ = {
			isa = PBXFrameworksBuildPhase;
			buildActionMask = 2147483647;
			files = (
				EBC73ED3A84E98C3F083EB4B /* libPods-ChinaMerchants.a in Frameworks */,
			);
			runOnlyForDeploymentPostprocessing = 0;
		};
		922F00911F2EDC200007D8D2 /* Frameworks */ = {
			isa = PBXFrameworksBuildPhase;
			buildActionMask = 2147483647;
			files = (
			);
			runOnlyForDeploymentPostprocessing = 0;
		};
		922F009C1F2EDC210007D8D2 /* Frameworks */ = {
			isa = PBXFrameworksBuildPhase;
			buildActionMask = 2147483647;
			files = (
			);
			runOnlyForDeploymentPostprocessing = 0;
		};
/* End PBXFrameworksBuildPhase section */

/* Begin PBXGroup section */
		6FED51706728780E176CA7E8 /* Frameworks */ = {
			isa = PBXGroup;
			children = (
				F8DCA71BEB114E87A0D908AB /* libPods-ChinaMerchants.a */,
			);
			name = Frameworks;
			sourceTree = "<group>";
		};
		922F00721F2EDC200007D8D2 = {
			isa = PBXGroup;
			children = (
				92FD43731F3014EB005182CB /* CHKit */,
				92FD43571F30125F005182CB /* ChShare */,
				922F00B11F2EDCA50007D8D2 /* CHTypeEnum.h */,
				92FD43371F300EBE005182CB /* EaseChat */,
				922F01121F2EDD660007D8D2 /* BaesClass */,
				922F01131F2EDD660007D8D2 /* API */,
				922F007D1F2EDC200007D8D2 /* ChinaMerchants */,
				922F00971F2EDC210007D8D2 /* ChinaMerchantsTests */,
				922F00A21F2EDC210007D8D2 /* ChinaMerchantsUITests */,
				922F007C1F2EDC200007D8D2 /* Products */,
				A99AF56DA19C7EF83E0F29CF /* Pods */,
				6FED51706728780E176CA7E8 /* Frameworks */,
			);
			sourceTree = "<group>";
		};
		922F007C1F2EDC200007D8D2 /* Products */ = {
			isa = PBXGroup;
			children = (
				922F007B1F2EDC200007D8D2 /* ChinaMerchants.app */,
				922F00941F2EDC200007D8D2 /* ChinaMerchantsTests.xctest */,
				922F009F1F2EDC210007D8D2 /* ChinaMerchantsUITests.xctest */,
			);
			name = Products;
			sourceTree = "<group>";
		};
		922F007D1F2EDC200007D8D2 /* ChinaMerchants */ = {
			isa = PBXGroup;
			children = (
				922F031E1F2F16890007D8D2 /* Club */,
				922F03161F2F16890007D8D2 /* Work */,
				922F03181F2F16890007D8D2 /* Mine */,
				922F031A1F2F16890007D8D2 /* Study */,
				922F031C1F2F16890007D8D2 /* Dynamic */,
				922F03201F2F16890007D8D2 /* Login */,
				922F03461F2F17710007D8D2 /* AppDelegate */,
				92FD43991F301F4E005182CB /* Resource */,
				922F00841F2EDC200007D8D2 /* ViewController.h */,
				922F00851F2EDC200007D8D2 /* ViewController.m */,
				922F00871F2EDC200007D8D2 /* Main.storyboard */,
				922F008C1F2EDC200007D8D2 /* LaunchScreen.storyboard */,
				922F008F1F2EDC200007D8D2 /* Info.plist */,
				922F007E1F2EDC200007D8D2 /* Supporting Files */,
			);
			path = ChinaMerchants;
			sourceTree = "<group>";
		};
		922F007E1F2EDC200007D8D2 /* Supporting Files */ = {
			isa = PBXGroup;
			children = (
				922F007F1F2EDC200007D8D2 /* main.m */,
			);
			name = "Supporting Files";
			sourceTree = "<group>";
		};
		922F00971F2EDC210007D8D2 /* ChinaMerchantsTests */ = {
			isa = PBXGroup;
			children = (
				922F00981F2EDC210007D8D2 /* ChinaMerchantsTests.m */,
				922F009A1F2EDC210007D8D2 /* Info.plist */,
			);
			path = ChinaMerchantsTests;
			sourceTree = "<group>";
		};
		922F00A21F2EDC210007D8D2 /* ChinaMerchantsUITests */ = {
			isa = PBXGroup;
			children = (
				922F00A31F2EDC210007D8D2 /* ChinaMerchantsUITests.m */,
				922F00A51F2EDC210007D8D2 /* Info.plist */,
			);
			path = ChinaMerchantsUITests;
			sourceTree = "<group>";
		};
		922F01121F2EDD660007D8D2 /* BaesClass */ = {
			isa = PBXGroup;
			children = (
				922F01141F2EDDA60007D8D2 /* BaseViewController.h */,
				922F01151F2EDDA60007D8D2 /* BaseViewController.m */,
				922F01171F2EDDDC0007D8D2 /* BaseTabBarController.h */,
				922F01181F2EDDDC0007D8D2 /* BaseTabBarController.m */,
				922F011A1F2EE0230007D8D2 /* BaseNavigationController.h */,
				922F011B1F2EE0230007D8D2 /* BaseNavigationController.m */,
				92FD435F1F3012C3005182CB /* BaseModel.h */,
				92FD43601F3012C3005182CB /* BaseModel.m */,
			);
			path = BaesClass;
			sourceTree = "<group>";
		};
		922F01131F2EDD660007D8D2 /* API */ = {
			isa = PBXGroup;
			children = (
				92FD43621F3013E3005182CB /* MineAPI */,
				92FD43641F3013E3005182CB /* LoginAPI */,
				92FD43661F3013E3005182CB /* DynamicAPI */,
				92FD43681F3013E3005182CB /* StudyAPI */,
				92FD436A1F3013E3005182CB /* WorkAPI */,
				92FD436C1F3013E3005182CB /* ClubAPI */,
				92FD436E1F3013E3005182CB /* UserAPI */,
				92C9A7C51F31A686007938C1 /* XXAPI.h */,
				92C9A7C61F31A686007938C1 /* XXAPI.m */,
				92C9A7C81F31A727007938C1 /* Utils.h */,
				92C9A7C91F31A727007938C1 /* Utils.m */,
			);
			path = API;
			sourceTree = "<group>";
		};
		922F03161F2F16890007D8D2 /* Work */ = {
			isa = PBXGroup;
			children = (
				922F03171F2F16890007D8D2 /* View */,
				922F03281F2F16BC0007D8D2 /* WorkController.h */,
				922F03291F2F16BC0007D8D2 /* WorkController.m */,
				922F032A1F2F16BC0007D8D2 /* WorkViewModel.h */,
				922F032B1F2F16BC0007D8D2 /* WorkViewModel.m */,
			);
			path = Work;
			sourceTree = "<group>";
		};
		922F03171F2F16890007D8D2 /* View */ = {
			isa = PBXGroup;
			children = (
			);
			path = View;
			sourceTree = "<group>";
		};
		922F03181F2F16890007D8D2 /* Mine */ = {
			isa = PBXGroup;
			children = (
				922F03191F2F16890007D8D2 /* View */,
				922F032E1F2F16CC0007D8D2 /* MineController.h */,
				922F032F1F2F16CC0007D8D2 /* MineController.m */,
				922F03301F2F16CC0007D8D2 /* MineViewModel.h */,
				922F03311F2F16CC0007D8D2 /* MineViewModel.m */,
			);
			path = Mine;
			sourceTree = "<group>";
		};
		922F03191F2F16890007D8D2 /* View */ = {
			isa = PBXGroup;
			children = (
			);
			path = View;
			sourceTree = "<group>";
		};
		922F031A1F2F16890007D8D2 /* Study */ = {
			isa = PBXGroup;
			children = (
				922F031B1F2F16890007D8D2 /* View */,
				922F03341F2F16D90007D8D2 /* StudyController.h */,
				922F03351F2F16D90007D8D2 /* StudyController.m */,
				922F03361F2F16D90007D8D2 /* StudyViewModel.h */,
				922F03371F2F16D90007D8D2 /* StudyViewModel.m */,
				92C9A7CE1F31D0B3007938C1 /* StudySignRecordController.h */,
				92C9A7CF1F31D0B3007938C1 /* StudySignRecordController.m */,
				92C9A7D01F31D0B3007938C1 /* StudySignRecordViewModel.h */,
				92C9A7D11F31D0B3007938C1 /* StudySignRecordViewModel.m */,
				92C9A7D41F31D1DE007938C1 /* StudyClassSummaryController.h */,
				92C9A7D51F31D1DE007938C1 /* StudyClassSummaryController.m */,
				92C9A7D61F31D1DE007938C1 /* StudyClassSummaryViewModel.h */,
				92C9A7D71F31D1DE007938C1 /* StudyClassSummaryViewModel.m */,
			);
			path = Study;
			sourceTree = "<group>";
		};
		922F031B1F2F16890007D8D2 /* View */ = {
			isa = PBXGroup;
			children = (
			);
			path = View;
			sourceTree = "<group>";
		};
		922F031C1F2F16890007D8D2 /* Dynamic */ = {
			isa = PBXGroup;
			children = (
				922F031D1F2F16890007D8D2 /* View */,
				922F033A1F2F16EC0007D8D2 /* DynamicController.h */,
				922F033B1F2F16EC0007D8D2 /* DynamicController.m */,
				922F033C1F2F16EC0007D8D2 /* DynamicViewModel.h */,
				922F033D1F2F16EC0007D8D2 /* DynamicViewModel.m */,
			);
			path = Dynamic;
			sourceTree = "<group>";
		};
		922F031D1F2F16890007D8D2 /* View */ = {
			isa = PBXGroup;
			children = (
			);
			path = View;
			sourceTree = "<group>";
		};
		922F031E1F2F16890007D8D2 /* Club */ = {
			isa = PBXGroup;
			children = (
				922F031F1F2F16890007D8D2 /* View */,
				922F03221F2F16AB0007D8D2 /* ClubController.h */,
				922F03231F2F16AB0007D8D2 /* ClubController.m */,
				922F03241F2F16AB0007D8D2 /* ClubViewModel.h */,
				922F03251F2F16AB0007D8D2 /* ClubViewModel.m */,
				92FD43CA1F306D54005182CB /* ClubInformationController.h */,
				92FD43CB1F306D54005182CB /* ClubInformationController.m */,
				92FD43CC1F306D54005182CB /* ClubInformationViewModel.h */,
				92FD43CD1F306D54005182CB /* ClubInformationViewModel.m */,
				92FD43D01F306D8B005182CB /* ClubSynopsisController.h */,
				92FD43D11F306D8B005182CB /* ClubSynopsisController.m */,
				92FD43D21F306D8B005182CB /* ClubSynopsisViewModel.h */,
				92FD43D31F306D8B005182CB /* ClubSynopsisViewModel.m */,
			);
			path = Club;
			sourceTree = "<group>";
		};
		922F031F1F2F16890007D8D2 /* View */ = {
			isa = PBXGroup;
			children = (
				92C9A79F1F308274007938C1 /* CoachView */,
				92C9A79C1F308211007938C1 /* RankingImageViewTableViewCell.h */,
				92C9A79D1F308211007938C1 /* RankingImageViewTableViewCell.m */,
				92FD43C71F306BE1005182CB /* WYWLineTableViewCell.h */,
				92FD43C81F306BE1005182CB /* WYWLineTableViewCell.m */,
				92FD43BA1F306B25005182CB /* HomeBannerTableViewCell.h */,
				92FD43BB1F306B25005182CB /* HomeBannerTableViewCell.m */,
				92FD43BC1F306B25005182CB /* HomeBannerTableViewCell.xib */,
				92FD43DD1F307691005182CB /* ClubNameTableCell.h */,
				92FD43DE1F307691005182CB /* ClubNameTableCell.m */,
				92FD43DF1F307691005182CB /* ClubNameTableCell.xib */,
				92C9A7921F307B3F007938C1 /* ClubAddressTableCell.h */,
				92C9A7931F307B3F007938C1 /* ClubAddressTableCell.m */,
				92C9A7941F307B3F007938C1 /* ClubAddressTableCell.xib */,
				92C9A7971F307EBE007938C1 /* ClubCoachTableCell.h */,
				92C9A7981F307EBE007938C1 /* ClubCoachTableCell.m */,
				92C9A7991F307EBE007938C1 /* ClubCoachTableCell.xib */,
				92C9A7A81F3084BB007938C1 /* ClubSectionTableCell.h */,
				92C9A7A91F3084BB007938C1 /* ClubSectionTableCell.m */,
				92C9A7AA1F3084BB007938C1 /* ClubSectionTableCell.xib */,
				92C9A7AD1F308597007938C1 /* ClubClassImageTableCell.h */,
				92C9A7AE1F308597007938C1 /* ClubClassImageTableCell.m */,
				92C9A7AF1F308597007938C1 /* ClubClassImageTableCell.xib */,
				92C9A7B21F308758007938C1 /* ClubVideoTableCell.h */,
				92C9A7B31F308758007938C1 /* ClubVideoTableCell.m */,
				92C9A7B41F308758007938C1 /* ClubVideoTableCell.xib */,
				92C9A7DA1F31D2DB007938C1 /* ClubNewClassTableCell.h */,
				92C9A7DB1F31D2DB007938C1 /* ClubNewClassTableCell.m */,
				92C9A7DC1F31D2DB007938C1 /* ClubNewClassTableCell.xib */,
			);
			path = View;
			sourceTree = "<group>";
		};
		922F03201F2F16890007D8D2 /* Login */ = {
			isa = PBXGroup;
			children = (
				92FD43841F301C95005182CB /* Login */,
				92FD43891F301C95005182CB /* Register */,
				92FD438A1F301C95005182CB /* AuthCode */,
				922F03211F2F16890007D8D2 /* View */,
			);
			path = Login;
			sourceTree = "<group>";
		};
		922F03211F2F16890007D8D2 /* View */ = {
			isa = PBXGroup;
			children = (
			);
			path = View;
			sourceTree = "<group>";
		};
		922F03461F2F17710007D8D2 /* AppDelegate */ = {
			isa = PBXGroup;
			children = (
				92C9A7DF1F31D9D7007938C1 /* AppDelegate+JPush.h */,
				92C9A7E01F31D9D7007938C1 /* AppDelegate+JPush.m */,
				92C9A7E11F31D9D7007938C1 /* AppDelegate+Keyboard.h */,
				92C9A7E21F31D9D7007938C1 /* AppDelegate+Keyboard.m */,
				92C9A7E31F31D9D7007938C1 /* AppDelegate+Notification.h */,
				92C9A7E41F31D9D7007938C1 /* AppDelegate+Notification.m */,
				92C9A7E51F31D9D7007938C1 /* AppDelegate+UMeng.h */,
				92C9A7E61F31D9D7007938C1 /* AppDelegate+UMeng.m */,
				922F034A1F2F18450007D8D2 /* AppDelegate+MainUI.h */,
				922F034B1F2F18450007D8D2 /* AppDelegate+MainUI.m */,
				922F03471F2F17710007D8D2 /* AppDelegate.h */,
				922F03481F2F17710007D8D2 /* AppDelegate.m */,
				922F034D1F2F19010007D8D2 /* RootController.h */,
				922F034E1F2F19010007D8D2 /* RootController.m */,
			);
			path = AppDelegate;
			sourceTree = "<group>";
		};
		92C9A79F1F308274007938C1 /* CoachView */ = {
			isa = PBXGroup;
			children = (
				92C9A7A01F308274007938C1 /* RankingCollectionView.h */,
				92C9A7A11F308274007938C1 /* RankingCollectionView.m */,
				92C9A7A21F308274007938C1 /* RankingCollectionViewCell.h */,
				92C9A7A31F308274007938C1 /* RankingCollectionViewCell.m */,
				92C9A7A41F308274007938C1 /* RankingCollectionViewCell.xib */,
			);
			path = CoachView;
			sourceTree = "<group>";
		};
		92C9A7B71F308A9F007938C1 /* UIImageView */ = {
			isa = PBXGroup;
			children = (
				92C9A7B81F308A9F007938C1 /* UIImageView+Load.h */,
				92C9A7B91F308A9F007938C1 /* UIImageView+Load.m */,
			);
			path = UIImageView;
			sourceTree = "<group>";
		};
		92C9A7BB1F3169A9007938C1 /* Calendar */ = {
			isa = PBXGroup;
			children = (
				92C9A7BC1F3169E2007938C1 /* QMCalendarFunction.h */,
				92C9A7BD1F3169E2007938C1 /* QMCalendarFunction.m */,
				92C9A7BF1F3171CF007938C1 /* QMCalendarView.h */,
				92C9A7C01F3171CF007938C1 /* QMCalendarView.m */,
				92C9A7CB1F31C72D007938C1 /* QMClassCalendarView.h */,
				92C9A7CC1F31C72D007938C1 /* QMClassCalendarView.m */,
				92C9A7C21F317357007938C1 /* QMCalendarDayCell.h */,
				92C9A7C31F317357007938C1 /* QMCalendarDayCell.m */,
			);
			path = Calendar;
			sourceTree = "<group>";
		};
		92FD43371F300EBE005182CB /* EaseChat */ = {
			isa = PBXGroup;
			children = (
				92FD434A1F300EBF005182CB /* EMChatManager */,
			);
			path = EaseChat;
			sourceTree = "<group>";
		};
		92FD434A1F300EBF005182CB /* EMChatManager */ = {
			isa = PBXGroup;
			children = (
				92FD434B1F300EBF005182CB /* EMChatManager.h */,
				92FD434C1F300EBF005182CB /* EMChatManager.m */,
			);
			path = EMChatManager;
			sourceTree = "<group>";
		};
		92FD43571F30125F005182CB /* ChShare */ = {
			isa = PBXGroup;
			children = (
				92FD43581F301272005182CB /* Storage */,
				92FD435B1F301272005182CB /* UserManager.h */,
				92FD435C1F301272005182CB /* UserManager.m */,
			);
			path = ChShare;
			sourceTree = "<group>";
		};
		92FD43581F301272005182CB /* Storage */ = {
			isa = PBXGroup;
			children = (
				92FD43591F301272005182CB /* StorageManager.h */,
				92FD435A1F301272005182CB /* StorageManager.m */,
			);
			path = Storage;
			sourceTree = "<group>";
		};
		92FD43621F3013E3005182CB /* MineAPI */ = {
			isa = PBXGroup;
			children = (
				92FD43631F3013E3005182CB /* Model */,
			);
			path = MineAPI;
			sourceTree = "<group>";
		};
		92FD43631F3013E3005182CB /* Model */ = {
			isa = PBXGroup;
			children = (
			);
			path = Model;
			sourceTree = "<group>";
		};
		92FD43641F3013E3005182CB /* LoginAPI */ = {
			isa = PBXGroup;
			children = (
				92FD43651F3013E3005182CB /* Model */,
			);
			path = LoginAPI;
			sourceTree = "<group>";
		};
		92FD43651F3013E3005182CB /* Model */ = {
			isa = PBXGroup;
			children = (
			);
			path = Model;
			sourceTree = "<group>";
		};
		92FD43661F3013E3005182CB /* DynamicAPI */ = {
			isa = PBXGroup;
			children = (
				92FD43671F3013E3005182CB /* Model */,
			);
			path = DynamicAPI;
			sourceTree = "<group>";
		};
		92FD43671F3013E3005182CB /* Model */ = {
			isa = PBXGroup;
			children = (
			);
			path = Model;
			sourceTree = "<group>";
		};
		92FD43681F3013E3005182CB /* StudyAPI */ = {
			isa = PBXGroup;
			children = (
				92FD43691F3013E3005182CB /* Model */,
			);
			path = StudyAPI;
			sourceTree = "<group>";
		};
		92FD43691F3013E3005182CB /* Model */ = {
			isa = PBXGroup;
			children = (
			);
			path = Model;
			sourceTree = "<group>";
		};
		92FD436A1F3013E3005182CB /* WorkAPI */ = {
			isa = PBXGroup;
			children = (
				92FD436B1F3013E3005182CB /* Model */,
			);
			path = WorkAPI;
			sourceTree = "<group>";
		};
		92FD436B1F3013E3005182CB /* Model */ = {
			isa = PBXGroup;
			children = (
			);
			path = Model;
			sourceTree = "<group>";
		};
		92FD436C1F3013E3005182CB /* ClubAPI */ = {
			isa = PBXGroup;
			children = (
				92FD436D1F3013E3005182CB /* Model */,
			);
			path = ClubAPI;
			sourceTree = "<group>";
		};
		92FD436D1F3013E3005182CB /* Model */ = {
			isa = PBXGroup;
			children = (
				92FD43DA1F307080005182CB /* BannerModel.h */,
				92FD43DB1F307080005182CB /* BannerModel.m */,
			);
			path = Model;
			sourceTree = "<group>";
		};
		92FD436E1F3013E3005182CB /* UserAPI */ = {
			isa = PBXGroup;
			children = (
				92FD436F1F3013E3005182CB /* Model */,
			);
			path = UserAPI;
			sourceTree = "<group>";
		};
		92FD436F1F3013E3005182CB /* Model */ = {
			isa = PBXGroup;
			children = (
				92FD43701F30140F005182CB /* UserInfoModel.h */,
				92FD43711F30140F005182CB /* UserInfoModel.m */,
			);
			path = Model;
			sourceTree = "<group>";
		};
		92FD43731F3014EB005182CB /* CHKit */ = {
			isa = PBXGroup;
			children = (
				92C9A7BB1F3169A9007938C1 /* Calendar */,
				92FD43D61F306E24005182CB /* CAPSPageMenu */,
				92FD43BF1F306B85005182CB /* XXCellModel */,
				92FD437C1F301721005182CB /* Category */,
				92FD43781F30153D005182CB /* InfoPlist */,
				92FD43741F3014EB005182CB /* QMStorage */,
			);
			path = CHKit;
			sourceTree = "<group>";
		};
		92FD43741F3014EB005182CB /* QMStorage */ = {
			isa = PBXGroup;
			children = (
				92FD43751F3014EB005182CB /* QMStorageManage.h */,
				92FD43761F3014EB005182CB /* QMStorageManage.m */,
			);
			path = QMStorage;
			sourceTree = "<group>";
		};
		92FD43781F30153D005182CB /* InfoPlist */ = {
			isa = PBXGroup;
			children = (
				92FD43791F30153D005182CB /* InfoPlist.h */,
				92FD437A1F30153D005182CB /* InfoPlist.m */,
			);
			path = InfoPlist;
			sourceTree = "<group>";
		};
		92FD437C1F301721005182CB /* Category */ = {
			isa = PBXGroup;
			children = (
				92C9A7B71F308A9F007938C1 /* UIImageView */,
				92FD43B31F30605C005182CB /* UINavigationBar */,
				92FD439C1F30252A005182CB /* AttributedString */,
				92FD439F1F30252A005182CB /* MBProgressHUD */,
				92FD43A21F30252A005182CB /* NSString */,
				92FD43A71F30252A005182CB /* UIColor */,
				92FD43AA1F30252A005182CB /* UIResponder */,
				92FD437D1F301721005182CB /* NSError */,
			);
			path = Category;
			sourceTree = "<group>";
		};
		92FD437D1F301721005182CB /* NSError */ = {
			isa = PBXGroup;
			children = (
				92FD437E1F301721005182CB /* NSError+Reason.h */,
				92FD437F1F301721005182CB /* NSError+Reason.m */,
			);
			path = NSError;
			sourceTree = "<group>";
		};
		92FD43841F301C95005182CB /* Login */ = {
			isa = PBXGroup;
			children = (
				92FD43851F301C95005182CB /* LoginController.h */,
				92FD43861F301C95005182CB /* LoginController.m */,
				92FD43871F301C95005182CB /* LoginViewModel.h */,
				92FD43881F301C95005182CB /* LoginViewModel.m */,
			);
			path = Login;
			sourceTree = "<group>";
		};
		92FD43891F301C95005182CB /* Register */ = {
			isa = PBXGroup;
			children = (
				92FD438D1F301CB0005182CB /* RegisterController.h */,
				92FD438E1F301CB0005182CB /* RegisterController.m */,
				92FD438F1F301CB0005182CB /* RegisterViewModel.h */,
				92FD43901F301CB0005182CB /* RegisterViewModel.m */,
			);
			path = Register;
			sourceTree = "<group>";
		};
		92FD438A1F301C95005182CB /* AuthCode */ = {
			isa = PBXGroup;
			children = (
				92FD43931F301CC1005182CB /* AuthCodeController.h */,
				92FD43941F301CC1005182CB /* AuthCodeController.m */,
				92FD43951F301CC1005182CB /* AuthCodeViewModel.h */,
				92FD43961F301CC1005182CB /* AuthCodeViewModel.m */,
			);
			path = AuthCode;
			sourceTree = "<group>";
		};
		92FD43991F301F4E005182CB /* Resource */ = {
			isa = PBXGroup;
			children = (
				922F008A1F2EDC200007D8D2 /* Assets.xcassets */,
				92FD439A1F301F84005182CB /* CHImages.xcassets */,
			);
			path = Resource;
			sourceTree = "<group>";
		};
		92FD439C1F30252A005182CB /* AttributedString */ = {
			isa = PBXGroup;
			children = (
				92FD439D1F30252A005182CB /* NSMutableAttributedString+AttributedString.h */,
				92FD439E1F30252A005182CB /* NSMutableAttributedString+AttributedString.m */,
			);
			path = AttributedString;
			sourceTree = "<group>";
		};
		92FD439F1F30252A005182CB /* MBProgressHUD */ = {
			isa = PBXGroup;
			children = (
				92FD43A01F30252A005182CB /* MBProgressHUD+Loading.h */,
				92FD43A11F30252A005182CB /* MBProgressHUD+Loading.m */,
			);
			path = MBProgressHUD;
			sourceTree = "<group>";
		};
		92FD43A21F30252A005182CB /* NSString */ = {
			isa = PBXGroup;
			children = (
				92FD43A31F30252A005182CB /* NSString+Others.h */,
				92FD43A41F30252A005182CB /* NSString+Others.m */,
				92FD43A51F30252A005182CB /* NSString+Size.h */,
				92FD43A61F30252A005182CB /* NSString+Size.m */,
			);
			path = NSString;
			sourceTree = "<group>";
		};
		92FD43A71F30252A005182CB /* UIColor */ = {
			isa = PBXGroup;
			children = (
				92FD43A81F30252A005182CB /* UIColor+HUE.h */,
				92FD43A91F30252A005182CB /* UIColor+HUE.m */,
			);
			path = UIColor;
			sourceTree = "<group>";
		};
		92FD43AA1F30252A005182CB /* UIResponder */ = {
			isa = PBXGroup;
			children = (
				92FD43AB1F30252A005182CB /* UIResponder+Empty.h */,
				92FD43AC1F30252A005182CB /* UIResponder+Empty.m */,
			);
			path = UIResponder;
			sourceTree = "<group>";
		};
		92FD43B31F30605C005182CB /* UINavigationBar */ = {
			isa = PBXGroup;
			children = (
				92FD43B41F30605C005182CB /* UINavigationBar+Awesome.h */,
				92FD43B51F30605C005182CB /* UINavigationBar+Awesome.m */,
				92FD43B61F30605C005182CB /* UINavigationBar+Custom.h */,
				92FD43B71F30605C005182CB /* UINavigationBar+Custom.m */,
			);
			path = UINavigationBar;
			sourceTree = "<group>";
		};
		92FD43BF1F306B85005182CB /* XXCellModel */ = {
			isa = PBXGroup;
			children = (
				92FD43C01F306B85005182CB /* TableViewCell */,
				92FD43C31F306B85005182CB /* XXCellModel.h */,
				92FD43C41F306B85005182CB /* XXCellModel.m */,
			);
			path = XXCellModel;
			sourceTree = "<group>";
		};
		92FD43C01F306B85005182CB /* TableViewCell */ = {
			isa = PBXGroup;
			children = (
				92FD43C11F306B85005182CB /* UITableViewCell+DataSource.h */,
				92FD43C21F306B85005182CB /* UITableViewCell+DataSource.m */,
			);
			path = TableViewCell;
			sourceTree = "<group>";
		};
		92FD43D61F306E24005182CB /* CAPSPageMenu */ = {
			isa = PBXGroup;
			children = (
				92FD43D71F306E24005182CB /* CAPSPageMenu.h */,
				92FD43D81F306E24005182CB /* CAPSPageMenu.m */,
			);
			path = CAPSPageMenu;
			sourceTree = "<group>";
		};
		A99AF56DA19C7EF83E0F29CF /* Pods */ = {
			isa = PBXGroup;
			children = (
				94FEACF66D1AE40BB6E7D763 /* Pods-ChinaMerchants.debug.xcconfig */,
				F66CAB4112F2ADD8C773AAAE /* Pods-ChinaMerchants.release.xcconfig */,
			);
			name = Pods;
			sourceTree = "<group>";
		};
/* End PBXGroup section */

/* Begin PBXNativeTarget section */
		922F007A1F2EDC200007D8D2 /* ChinaMerchants */ = {
			isa = PBXNativeTarget;
			buildConfigurationList = 922F00A81F2EDC210007D8D2 /* Build configuration list for PBXNativeTarget "ChinaMerchants" */;
			buildPhases = (
				E2F6A14A5EAB84EFB36A6E68 /* [CP] Check Pods Manifest.lock */,
				922F00771F2EDC200007D8D2 /* Sources */,
				922F00781F2EDC200007D8D2 /* Frameworks */,
				922F00791F2EDC200007D8D2 /* Resources */,
				40AA4781CA3671A76BE6E5ED /* [CP] Embed Pods Frameworks */,
				6537A4C24C67B0A4E7890F68 /* [CP] Copy Pods Resources */,
			);
			buildRules = (
			);
			dependencies = (
			);
			name = ChinaMerchants;
			productName = ChinaMerchants;
			productReference = 922F007B1F2EDC200007D8D2 /* ChinaMerchants.app */;
			productType = "com.apple.product-type.application";
		};
		922F00931F2EDC200007D8D2 /* ChinaMerchantsTests */ = {
			isa = PBXNativeTarget;
			buildConfigurationList = 922F00AB1F2EDC210007D8D2 /* Build configuration list for PBXNativeTarget "ChinaMerchantsTests" */;
			buildPhases = (
				922F00901F2EDC200007D8D2 /* Sources */,
				922F00911F2EDC200007D8D2 /* Frameworks */,
				922F00921F2EDC200007D8D2 /* Resources */,
			);
			buildRules = (
			);
			dependencies = (
				922F00961F2EDC200007D8D2 /* PBXTargetDependency */,
			);
			name = ChinaMerchantsTests;
			productName = ChinaMerchantsTests;
			productReference = 922F00941F2EDC200007D8D2 /* ChinaMerchantsTests.xctest */;
			productType = "com.apple.product-type.bundle.unit-test";
		};
		922F009E1F2EDC210007D8D2 /* ChinaMerchantsUITests */ = {
			isa = PBXNativeTarget;
			buildConfigurationList = 922F00AE1F2EDC210007D8D2 /* Build configuration list for PBXNativeTarget "ChinaMerchantsUITests" */;
			buildPhases = (
				922F009B1F2EDC210007D8D2 /* Sources */,
				922F009C1F2EDC210007D8D2 /* Frameworks */,
				922F009D1F2EDC210007D8D2 /* Resources */,
			);
			buildRules = (
			);
			dependencies = (
				922F00A11F2EDC210007D8D2 /* PBXTargetDependency */,
			);
			name = ChinaMerchantsUITests;
			productName = ChinaMerchantsUITests;
			productReference = 922F009F1F2EDC210007D8D2 /* ChinaMerchantsUITests.xctest */;
			productType = "com.apple.product-type.bundle.ui-testing";
		};
/* End PBXNativeTarget section */

/* Begin PBXProject section */
		922F00731F2EDC200007D8D2 /* Project object */ = {
			isa = PBXProject;
			attributes = {
				LastUpgradeCheck = 0830;
				ORGANIZATIONNAME = "iOS 易述宏";
				TargetAttributes = {
					922F007A1F2EDC200007D8D2 = {
						CreatedOnToolsVersion = 8.3.3;
						ProvisioningStyle = Automatic;
					};
					922F00931F2EDC200007D8D2 = {
						CreatedOnToolsVersion = 8.3.3;
						ProvisioningStyle = Automatic;
						TestTargetID = 922F007A1F2EDC200007D8D2;
					};
					922F009E1F2EDC210007D8D2 = {
						CreatedOnToolsVersion = 8.3.3;
						ProvisioningStyle = Automatic;
						TestTargetID = 922F007A1F2EDC200007D8D2;
					};
				};
			};
			buildConfigurationList = 922F00761F2EDC200007D8D2 /* Build configuration list for PBXProject "ChinaMerchants" */;
			compatibilityVersion = "Xcode 3.2";
			developmentRegion = English;
			hasScannedForEncodings = 0;
			knownRegions = (
				en,
				Base,
			);
			mainGroup = 922F00721F2EDC200007D8D2;
			productRefGroup = 922F007C1F2EDC200007D8D2 /* Products */;
			projectDirPath = "";
			projectRoot = "";
			targets = (
				922F007A1F2EDC200007D8D2 /* ChinaMerchants */,
				922F00931F2EDC200007D8D2 /* ChinaMerchantsTests */,
				922F009E1F2EDC210007D8D2 /* ChinaMerchantsUITests */,
			);
		};
/* End PBXProject section */

/* Begin PBXResourcesBuildPhase section */
		922F00791F2EDC200007D8D2 /* Resources */ = {
			isa = PBXResourcesBuildPhase;
			buildActionMask = 2147483647;
			files = (
				92C9A7A71F308274007938C1 /* RankingCollectionViewCell.xib in Resources */,
				92C9A7B11F308597007938C1 /* ClubClassImageTableCell.xib in Resources */,
				92C9A7DE1F31D2DB007938C1 /* ClubNewClassTableCell.xib in Resources */,
				92C9A7961F307B3F007938C1 /* ClubAddressTableCell.xib in Resources */,
				92FD43BE1F306B25005182CB /* HomeBannerTableViewCell.xib in Resources */,
				92FD43E11F307691005182CB /* ClubNameTableCell.xib in Resources */,
				92C9A79B1F307EBE007938C1 /* ClubCoachTableCell.xib in Resources */,
				922F008E1F2EDC200007D8D2 /* LaunchScreen.storyboard in Resources */,
				922F008B1F2EDC200007D8D2 /* Assets.xcassets in Resources */,
				92C9A7B61F308758007938C1 /* ClubVideoTableCell.xib in Resources */,
				92FD439B1F301F84005182CB /* CHImages.xcassets in Resources */,
				92C9A7AC1F3084BB007938C1 /* ClubSectionTableCell.xib in Resources */,
				922F00891F2EDC200007D8D2 /* Main.storyboard in Resources */,
			);
			runOnlyForDeploymentPostprocessing = 0;
		};
		922F00921F2EDC200007D8D2 /* Resources */ = {
			isa = PBXResourcesBuildPhase;
			buildActionMask = 2147483647;
			files = (
			);
			runOnlyForDeploymentPostprocessing = 0;
		};
		922F009D1F2EDC210007D8D2 /* Resources */ = {
			isa = PBXResourcesBuildPhase;
			buildActionMask = 2147483647;
			files = (
			);
			runOnlyForDeploymentPostprocessing = 0;
		};
/* End PBXResourcesBuildPhase section */

/* Begin PBXShellScriptBuildPhase section */
		40AA4781CA3671A76BE6E5ED /* [CP] Embed Pods Frameworks */ = {
			isa = PBXShellScriptBuildPhase;
			buildActionMask = 2147483647;
			files = (
			);
			inputPaths = (
			);
			name = "[CP] Embed Pods Frameworks";
			outputPaths = (
			);
			runOnlyForDeploymentPostprocessing = 0;
			shellPath = /bin/sh;
			shellScript = "\"${SRCROOT}/Pods/Target Support Files/Pods-ChinaMerchants/Pods-ChinaMerchants-frameworks.sh\"\n";
			showEnvVarsInLog = 0;
		};
		6537A4C24C67B0A4E7890F68 /* [CP] Copy Pods Resources */ = {
			isa = PBXShellScriptBuildPhase;
			buildActionMask = 2147483647;
			files = (
			);
			inputPaths = (
			);
			name = "[CP] Copy Pods Resources";
			outputPaths = (
			);
			runOnlyForDeploymentPostprocessing = 0;
			shellPath = /bin/sh;
			shellScript = "\"${SRCROOT}/Pods/Target Support Files/Pods-ChinaMerchants/Pods-ChinaMerchants-resources.sh\"\n";
			showEnvVarsInLog = 0;
		};
		E2F6A14A5EAB84EFB36A6E68 /* [CP] Check Pods Manifest.lock */ = {
			isa = PBXShellScriptBuildPhase;
			buildActionMask = 2147483647;
			files = (
			);
			inputPaths = (
			);
			name = "[CP] Check Pods Manifest.lock";
			outputPaths = (
			);
			runOnlyForDeploymentPostprocessing = 0;
			shellPath = /bin/sh;
			shellScript = "diff \"${PODS_PODFILE_DIR_PATH}/Podfile.lock\" \"${PODS_ROOT}/Manifest.lock\" > /dev/null\nif [ $? != 0 ] ; then\n    # print error to STDERR\n    echo \"error: The sandbox is not in sync with the Podfile.lock. Run 'pod install' or update your CocoaPods installation.\" >&2\n    exit 1\nfi\n";
			showEnvVarsInLog = 0;
		};
/* End PBXShellScriptBuildPhase section */

/* Begin PBXSourcesBuildPhase section */
		922F00771F2EDC200007D8D2 /* Sources */ = {
			isa = PBXSourcesBuildPhase;
			buildActionMask = 2147483647;
			files = (
				922F03381F2F16D90007D8D2 /* StudyController.m in Sources */,
				92C9A7D21F31D0B3007938C1 /* StudySignRecordController.m in Sources */,
				92FD43801F301721005182CB /* NSError+Reason.m in Sources */,
				92FD43BD1F306B25005182CB /* HomeBannerTableViewCell.m in Sources */,
				92C9A7CA1F31A727007938C1 /* Utils.m in Sources */,
				92FD43911F301CB0005182CB /* RegisterController.m in Sources */,
				92FD43721F30140F005182CB /* UserInfoModel.m in Sources */,
				92C9A7E91F31D9D7007938C1 /* AppDelegate+Notification.m in Sources */,
				92C9A79E1F308211007938C1 /* RankingImageViewTableViewCell.m in Sources */,
				92C9A7C41F317357007938C1 /* QMCalendarDayCell.m in Sources */,
				92FD43B21F30252A005182CB /* UIResponder+Empty.m in Sources */,
				92FD43B01F30252A005182CB /* NSString+Size.m in Sources */,
				92FD43AE1F30252A005182CB /* MBProgressHUD+Loading.m in Sources */,
				922F01191F2EDDDC0007D8D2 /* BaseTabBarController.m in Sources */,
				92FD43DC1F307080005182CB /* BannerModel.m in Sources */,
				92C9A7CD1F31C72D007938C1 /* QMClassCalendarView.m in Sources */,
				92C9A7E71F31D9D7007938C1 /* AppDelegate+JPush.m in Sources */,
				92FD43B11F30252A005182CB /* UIColor+HUE.m in Sources */,
				92FD438C1F301C95005182CB /* LoginViewModel.m in Sources */,
				922F03321F2F16CC0007D8D2 /* MineController.m in Sources */,
				92C9A7E81F31D9D7007938C1 /* AppDelegate+Keyboard.m in Sources */,
				92FD43981F301CC1005182CB /* AuthCodeViewModel.m in Sources */,
				92FD43D91F306E24005182CB /* CAPSPageMenu.m in Sources */,
				92FD43B91F30605C005182CB /* UINavigationBar+Custom.m in Sources */,
				92C9A7D81F31D1DE007938C1 /* StudyClassSummaryController.m in Sources */,
				92FD43AF1F30252A005182CB /* NSString+Others.m in Sources */,
				92C9A7951F307B3F007938C1 /* ClubAddressTableCell.m in Sources */,
				92C9A7BE1F3169E2007938C1 /* QMCalendarFunction.m in Sources */,
				92FD43B81F30605C005182CB /* UINavigationBar+Awesome.m in Sources */,
				922F032D1F2F16BC0007D8D2 /* WorkViewModel.m in Sources */,
				92FD43E01F307691005182CB /* ClubNameTableCell.m in Sources */,
				922F00861F2EDC200007D8D2 /* ViewController.m in Sources */,
				92C9A7A61F308274007938C1 /* RankingCollectionViewCell.m in Sources */,
				92FD43771F3014EB005182CB /* QMStorageManage.m in Sources */,
				922F011C1F2EE0230007D8D2 /* BaseNavigationController.m in Sources */,
				922F034F1F2F19010007D8D2 /* RootController.m in Sources */,
				92C9A7EA1F31D9D7007938C1 /* AppDelegate+UMeng.m in Sources */,
				92FD43971F301CC1005182CB /* AuthCodeController.m in Sources */,
				922F01161F2EDDA60007D8D2 /* BaseViewController.m in Sources */,
				922F034C1F2F18450007D8D2 /* AppDelegate+MainUI.m in Sources */,
				92C9A7D91F31D1DE007938C1 /* StudyClassSummaryViewModel.m in Sources */,
				922F03491F2F17710007D8D2 /* AppDelegate.m in Sources */,
				92FD43C61F306B85005182CB /* XXCellModel.m in Sources */,
				92FD43921F301CB0005182CB /* RegisterViewModel.m in Sources */,
				922F033F1F2F16EC0007D8D2 /* DynamicViewModel.m in Sources */,
				92FD43D51F306D8B005182CB /* ClubSynopsisViewModel.m in Sources */,
				92C9A7B01F308597007938C1 /* ClubClassImageTableCell.m in Sources */,
				92FD435E1F301272005182CB /* UserManager.m in Sources */,
				92C9A7D31F31D0B3007938C1 /* StudySignRecordViewModel.m in Sources */,
				92FD435D1F301272005182CB /* StorageManager.m in Sources */,
				922F03261F2F16AB0007D8D2 /* ClubController.m in Sources */,
				92FD43CF1F306D54005182CB /* ClubInformationViewModel.m in Sources */,
				92FD43C51F306B85005182CB /* UITableViewCell+DataSource.m in Sources */,
				92FD438B1F301C95005182CB /* LoginController.m in Sources */,
				92C9A7C71F31A686007938C1 /* XXAPI.m in Sources */,
				92C9A7DD1F31D2DB007938C1 /* ClubNewClassTableCell.m in Sources */,
				92FD43561F300EBF005182CB /* EMChatManager.m in Sources */,
				92FD43D41F306D8B005182CB /* ClubSynopsisController.m in Sources */,
				922F03331F2F16CC0007D8D2 /* MineViewModel.m in Sources */,
				92FD43CE1F306D54005182CB /* ClubInformationController.m in Sources */,
				92FD437B1F30153D005182CB /* InfoPlist.m in Sources */,
				92C9A7AB1F3084BB007938C1 /* ClubSectionTableCell.m in Sources */,
				92C9A7BA1F308A9F007938C1 /* UIImageView+Load.m in Sources */,
				92C9A79A1F307EBE007938C1 /* ClubCoachTableCell.m in Sources */,
				92FD43611F3012C3005182CB /* BaseModel.m in Sources */,
				922F033E1F2F16EC0007D8D2 /* DynamicController.m in Sources */,
				92FD43AD1F30252A005182CB /* NSMutableAttributedString+AttributedString.m in Sources */,
				92FD43C91F306BE1005182CB /* WYWLineTableViewCell.m in Sources */,
				922F032C1F2F16BC0007D8D2 /* WorkController.m in Sources */,
				92C9A7C11F3171CF007938C1 /* QMCalendarView.m in Sources */,
				922F03271F2F16AB0007D8D2 /* ClubViewModel.m in Sources */,
				922F03391F2F16D90007D8D2 /* StudyViewModel.m in Sources */,
				92C9A7A51F308274007938C1 /* RankingCollectionView.m in Sources */,
				92C9A7B51F308758007938C1 /* ClubVideoTableCell.m in Sources */,
				922F00801F2EDC200007D8D2 /* main.m in Sources */,
			);
			runOnlyForDeploymentPostprocessing = 0;
		};
		922F00901F2EDC200007D8D2 /* Sources */ = {
			isa = PBXSourcesBuildPhase;
			buildActionMask = 2147483647;
			files = (
				922F00991F2EDC210007D8D2 /* ChinaMerchantsTests.m in Sources */,
			);
			runOnlyForDeploymentPostprocessing = 0;
		};
		922F009B1F2EDC210007D8D2 /* Sources */ = {
			isa = PBXSourcesBuildPhase;
			buildActionMask = 2147483647;
			files = (
				922F00A41F2EDC210007D8D2 /* ChinaMerchantsUITests.m in Sources */,
			);
			runOnlyForDeploymentPostprocessing = 0;
		};
/* End PBXSourcesBuildPhase section */

/* Begin PBXTargetDependency section */
		922F00961F2EDC200007D8D2 /* PBXTargetDependency */ = {
			isa = PBXTargetDependency;
			target = 922F007A1F2EDC200007D8D2 /* ChinaMerchants */;
			targetProxy = 922F00951F2EDC200007D8D2 /* PBXContainerItemProxy */;
		};
		922F00A11F2EDC210007D8D2 /* PBXTargetDependency */ = {
			isa = PBXTargetDependency;
			target = 922F007A1F2EDC200007D8D2 /* ChinaMerchants */;
			targetProxy = 922F00A01F2EDC210007D8D2 /* PBXContainerItemProxy */;
		};
/* End PBXTargetDependency section */

/* Begin PBXVariantGroup section */
		922F00871F2EDC200007D8D2 /* Main.storyboard */ = {
			isa = PBXVariantGroup;
			children = (
				922F00881F2EDC200007D8D2 /* Base */,
			);
			name = Main.storyboard;
			sourceTree = "<group>";
		};
		922F008C1F2EDC200007D8D2 /* LaunchScreen.storyboard */ = {
			isa = PBXVariantGroup;
			children = (
				922F008D1F2EDC200007D8D2 /* Base */,
			);
			name = LaunchScreen.storyboard;
			sourceTree = "<group>";
		};
/* End PBXVariantGroup section */

/* Begin XCBuildConfiguration section */
		922F00A61F2EDC210007D8D2 /* Debug */ = {
			isa = XCBuildConfiguration;
			buildSettings = {
				ALWAYS_SEARCH_USER_PATHS = NO;
				CLANG_ANALYZER_NONNULL = YES;
				CLANG_ANALYZER_NUMBER_OBJECT_CONVERSION = YES_AGGRESSIVE;
				CLANG_CXX_LANGUAGE_STANDARD = "gnu++0x";
				CLANG_CXX_LIBRARY = "libc++";
				CLANG_ENABLE_MODULES = YES;
				CLANG_ENABLE_OBJC_ARC = YES;
				CLANG_WARN_BOOL_CONVERSION = YES;
				CLANG_WARN_CONSTANT_CONVERSION = YES;
				CLANG_WARN_DIRECT_OBJC_ISA_USAGE = YES_ERROR;
				CLANG_WARN_DOCUMENTATION_COMMENTS = YES;
				CLANG_WARN_EMPTY_BODY = YES;
				CLANG_WARN_ENUM_CONVERSION = YES;
				CLANG_WARN_INFINITE_RECURSION = YES;
				CLANG_WARN_INT_CONVERSION = YES;
				CLANG_WARN_OBJC_ROOT_CLASS = YES_ERROR;
				CLANG_WARN_SUSPICIOUS_MOVE = YES;
				CLANG_WARN_UNREACHABLE_CODE = YES;
				CLANG_WARN__DUPLICATE_METHOD_MATCH = YES;
				"CODE_SIGN_IDENTITY[sdk=iphoneos*]" = "iPhone Developer";
				COPY_PHASE_STRIP = NO;
				DEBUG_INFORMATION_FORMAT = dwarf;
				ENABLE_STRICT_OBJC_MSGSEND = YES;
				ENABLE_TESTABILITY = YES;
				GCC_C_LANGUAGE_STANDARD = gnu99;
				GCC_DYNAMIC_NO_PIC = NO;
				GCC_NO_COMMON_BLOCKS = YES;
				GCC_OPTIMIZATION_LEVEL = 0;
				GCC_PREPROCESSOR_DEFINITIONS = (
					"DEBUG=1",
					"$(inherited)",
				);
				GCC_WARN_64_TO_32_BIT_CONVERSION = YES;
				GCC_WARN_ABOUT_RETURN_TYPE = YES_ERROR;
				GCC_WARN_UNDECLARED_SELECTOR = YES;
				GCC_WARN_UNINITIALIZED_AUTOS = YES_AGGRESSIVE;
				GCC_WARN_UNUSED_FUNCTION = YES;
				GCC_WARN_UNUSED_VARIABLE = YES;
				IPHONEOS_DEPLOYMENT_TARGET = 10.3;
				MTL_ENABLE_DEBUG_INFO = YES;
				ONLY_ACTIVE_ARCH = YES;
				SDKROOT = iphoneos;
				TARGETED_DEVICE_FAMILY = "1,2";
			};
			name = Debug;
		};
		922F00A71F2EDC210007D8D2 /* Release */ = {
			isa = XCBuildConfiguration;
			buildSettings = {
				ALWAYS_SEARCH_USER_PATHS = NO;
				CLANG_ANALYZER_NONNULL = YES;
				CLANG_ANALYZER_NUMBER_OBJECT_CONVERSION = YES_AGGRESSIVE;
				CLANG_CXX_LANGUAGE_STANDARD = "gnu++0x";
				CLANG_CXX_LIBRARY = "libc++";
				CLANG_ENABLE_MODULES = YES;
				CLANG_ENABLE_OBJC_ARC = YES;
				CLANG_WARN_BOOL_CONVERSION = YES;
				CLANG_WARN_CONSTANT_CONVERSION = YES;
				CLANG_WARN_DIRECT_OBJC_ISA_USAGE = YES_ERROR;
				CLANG_WARN_DOCUMENTATION_COMMENTS = YES;
				CLANG_WARN_EMPTY_BODY = YES;
				CLANG_WARN_ENUM_CONVERSION = YES;
				CLANG_WARN_INFINITE_RECURSION = YES;
				CLANG_WARN_INT_CONVERSION = YES;
				CLANG_WARN_OBJC_ROOT_CLASS = YES_ERROR;
				CLANG_WARN_SUSPICIOUS_MOVE = YES;
				CLANG_WARN_UNREACHABLE_CODE = YES;
				CLANG_WARN__DUPLICATE_METHOD_MATCH = YES;
				"CODE_SIGN_IDENTITY[sdk=iphoneos*]" = "iPhone Developer";
				COPY_PHASE_STRIP = NO;
				DEBUG_INFORMATION_FORMAT = "dwarf-with-dsym";
				ENABLE_NS_ASSERTIONS = NO;
				ENABLE_STRICT_OBJC_MSGSEND = YES;
				GCC_C_LANGUAGE_STANDARD = gnu99;
				GCC_NO_COMMON_BLOCKS = YES;
				GCC_WARN_64_TO_32_BIT_CONVERSION = YES;
				GCC_WARN_ABOUT_RETURN_TYPE = YES_ERROR;
				GCC_WARN_UNDECLARED_SELECTOR = YES;
				GCC_WARN_UNINITIALIZED_AUTOS = YES_AGGRESSIVE;
				GCC_WARN_UNUSED_FUNCTION = YES;
				GCC_WARN_UNUSED_VARIABLE = YES;
				IPHONEOS_DEPLOYMENT_TARGET = 10.3;
				MTL_ENABLE_DEBUG_INFO = NO;
				SDKROOT = iphoneos;
				TARGETED_DEVICE_FAMILY = "1,2";
				VALIDATE_PRODUCT = YES;
			};
			name = Release;
		};
		922F00A91F2EDC210007D8D2 /* Debug */ = {
			isa = XCBuildConfiguration;
			baseConfigurationReference = 94FEACF66D1AE40BB6E7D763 /* Pods-ChinaMerchants.debug.xcconfig */;
			buildSettings = {
				ASSETCATALOG_COMPILER_APPICON_NAME = AppIcon;
				INFOPLIST_FILE = ChinaMerchants/Info.plist;
				IPHONEOS_DEPLOYMENT_TARGET = 8.0;
				LD_RUNPATH_SEARCH_PATHS = "$(inherited) @executable_path/Frameworks";
				LIBRARY_SEARCH_PATHS = (
					"$(inherited)",
					"$(PROJECT_DIR)/EaseUI/EMUIKit/3rdparty/DeviceHelper/VoiceConvert/opencore-amrnb",
					"$(PROJECT_DIR)/EaseUI/EMUIKit/3rdparty/DeviceHelper/VoiceConvert/opencore-amrwb",
				);
				PRODUCT_BUNDLE_IDENTIFIER = user.ChinaMerchants;
				PRODUCT_NAME = "$(TARGET_NAME)";
			};
			name = Debug;
		};
		922F00AA1F2EDC210007D8D2 /* Release */ = {
			isa = XCBuildConfiguration;
			baseConfigurationReference = F66CAB4112F2ADD8C773AAAE /* Pods-ChinaMerchants.release.xcconfig */;
			buildSettings = {
				ASSETCATALOG_COMPILER_APPICON_NAME = AppIcon;
				INFOPLIST_FILE = ChinaMerchants/Info.plist;
				IPHONEOS_DEPLOYMENT_TARGET = 8.0;
				LD_RUNPATH_SEARCH_PATHS = "$(inherited) @executable_path/Frameworks";
				LIBRARY_SEARCH_PATHS = (
					"$(inherited)",
					"$(PROJECT_DIR)/EaseUI/EMUIKit/3rdparty/DeviceHelper/VoiceConvert/opencore-amrnb",
					"$(PROJECT_DIR)/EaseUI/EMUIKit/3rdparty/DeviceHelper/VoiceConvert/opencore-amrwb",
				);
				PRODUCT_BUNDLE_IDENTIFIER = user.ChinaMerchants;
				PRODUCT_NAME = "$(TARGET_NAME)";
			};
			name = Release;
		};
		922F00AC1F2EDC210007D8D2 /* Debug */ = {
			isa = XCBuildConfiguration;
			buildSettings = {
				BUNDLE_LOADER = "$(TEST_HOST)";
				INFOPLIST_FILE = ChinaMerchantsTests/Info.plist;
				LD_RUNPATH_SEARCH_PATHS = "$(inherited) @executable_path/Frameworks @loader_path/Frameworks";
				PRODUCT_BUNDLE_IDENTIFIER = user.ChinaMerchantsTests;
				PRODUCT_NAME = "$(TARGET_NAME)";
				TEST_HOST = "$(BUILT_PRODUCTS_DIR)/ChinaMerchants.app/ChinaMerchants";
			};
			name = Debug;
		};
		922F00AD1F2EDC210007D8D2 /* Release */ = {
			isa = XCBuildConfiguration;
			buildSettings = {
				BUNDLE_LOADER = "$(TEST_HOST)";
				INFOPLIST_FILE = ChinaMerchantsTests/Info.plist;
				LD_RUNPATH_SEARCH_PATHS = "$(inherited) @executable_path/Frameworks @loader_path/Frameworks";
				PRODUCT_BUNDLE_IDENTIFIER = user.ChinaMerchantsTests;
				PRODUCT_NAME = "$(TARGET_NAME)";
				TEST_HOST = "$(BUILT_PRODUCTS_DIR)/ChinaMerchants.app/ChinaMerchants";
			};
			name = Release;
		};
		922F00AF1F2EDC210007D8D2 /* Debug */ = {
			isa = XCBuildConfiguration;
			buildSettings = {
				INFOPLIST_FILE = ChinaMerchantsUITests/Info.plist;
				LD_RUNPATH_SEARCH_PATHS = "$(inherited) @executable_path/Frameworks @loader_path/Frameworks";
				PRODUCT_BUNDLE_IDENTIFIER = user.ChinaMerchantsUITests;
				PRODUCT_NAME = "$(TARGET_NAME)";
				TEST_TARGET_NAME = ChinaMerchants;
			};
			name = Debug;
		};
		922F00B01F2EDC210007D8D2 /* Release */ = {
			isa = XCBuildConfiguration;
			buildSettings = {
				INFOPLIST_FILE = ChinaMerchantsUITests/Info.plist;
				LD_RUNPATH_SEARCH_PATHS = "$(inherited) @executable_path/Frameworks @loader_path/Frameworks";
				PRODUCT_BUNDLE_IDENTIFIER = user.ChinaMerchantsUITests;
				PRODUCT_NAME = "$(TARGET_NAME)";
				TEST_TARGET_NAME = ChinaMerchants;
			};
			name = Release;
		};
/* End XCBuildConfiguration section */

/* Begin XCConfigurationList section */
		922F00761F2EDC200007D8D2 /* Build configuration list for PBXProject "ChinaMerchants" */ = {
			isa = XCConfigurationList;
			buildConfigurations = (
				922F00A61F2EDC210007D8D2 /* Debug */,
				922F00A71F2EDC210007D8D2 /* Release */,
			);
			defaultConfigurationIsVisible = 0;
			defaultConfigurationName = Release;
		};
		922F00A81F2EDC210007D8D2 /* Build configuration list for PBXNativeTarget "ChinaMerchants" */ = {
			isa = XCConfigurationList;
			buildConfigurations = (
				922F00A91F2EDC210007D8D2 /* Debug */,
				922F00AA1F2EDC210007D8D2 /* Release */,
			);
			defaultConfigurationIsVisible = 0;
			defaultConfigurationName = Release;
		};
		922F00AB1F2EDC210007D8D2 /* Build configuration list for PBXNativeTarget "ChinaMerchantsTests" */ = {
			isa = XCConfigurationList;
			buildConfigurations = (
				922F00AC1F2EDC210007D8D2 /* Debug */,
				922F00AD1F2EDC210007D8D2 /* Release */,
			);
			defaultConfigurationIsVisible = 0;
			defaultConfigurationName = Release;
		};
		922F00AE1F2EDC210007D8D2 /* Build configuration list for PBXNativeTarget "ChinaMerchantsUITests" */ = {
			isa = XCConfigurationList;
			buildConfigurations = (
				922F00AF1F2EDC210007D8D2 /* Debug */,
				922F00B01F2EDC210007D8D2 /* Release */,
			);
			defaultConfigurationIsVisible = 0;
			defaultConfigurationName = Release;
		};
/* End XCConfigurationList section */
	};
	rootObject = 922F00731F2EDC200007D8D2 /* Project object */;
}
